// !$*UTF8*$!
{
	archiveVersion = 1;
	classes = {
	};
	objectVersion = 51;
	objects = {

/* Begin PBXBuildFile section */
		25A9E1ED9BFAF41514DF3FE8 /* Pods_Pod.framework in Frameworks */ = {isa = PBXBuildFile; fileRef = FBBDD9A551DB4E01C2029D63 /* Pods_Pod.framework */; };
		5B1A48AC249C3C3800F0BFDF /* AppDelegate.swift in Sources */ = {isa = PBXBuildFile; fileRef = 5B1A48AB249C3C3800F0BFDF /* AppDelegate.swift */; };
		5B1A48B5249C3C3A00F0BFDF /* Assets.xcassets in Resources */ = {isa = PBXBuildFile; fileRef = 5B1A48B4249C3C3A00F0BFDF /* Assets.xcassets */; };
		5B1A48B8249C3C3A00F0BFDF /* LaunchScreen.storyboard in Resources */ = {isa = PBXBuildFile; fileRef = 5B1A48B6249C3C3A00F0BFDF /* LaunchScreen.storyboard */; };
		5B1A48C3249C3C3A00F0BFDF /* PodTests.swift in Sources */ = {isa = PBXBuildFile; fileRef = 5B1A48C2249C3C3A00F0BFDF /* PodTests.swift */; };
		5B1A48CE249C3C3A00F0BFDF /* PodUITests.swift in Sources */ = {isa = PBXBuildFile; fileRef = 5B1A48CD249C3C3A00F0BFDF /* PodUITests.swift */; };
		5B1A48E4249C45E600F0BFDF /* Logger.swift in Sources */ = {isa = PBXBuildFile; fileRef = 5B1A48E3249C45E600F0BFDF /* Logger.swift */; };
		5B1A48F4249C479E00F0BFDF /* Alertable.swift in Sources */ = {isa = PBXBuildFile; fileRef = 5B1A48F3249C479E00F0BFDF /* Alertable.swift */; };
		5B1A48F6249C47B500F0BFDF /* StoryboardInstantiable.swift in Sources */ = {isa = PBXBuildFile; fileRef = 5B1A48F5249C47B500F0BFDF /* StoryboardInstantiable.swift */; };
		5B1A48F8249C48A100F0BFDF /* UIColor.swift in Sources */ = {isa = PBXBuildFile; fileRef = 5B1A48F7249C48A100F0BFDF /* UIColor.swift */; };
		5B1A48FA249C48DA00F0BFDF /* UIImageView+Kingfisher.swift in Sources */ = {isa = PBXBuildFile; fileRef = 5B1A48F9249C48DA00F0BFDF /* UIImageView+Kingfisher.swift */; };
		5B1A48FC249C490B00F0BFDF /* DetectDeinit.swift in Sources */ = {isa = PBXBuildFile; fileRef = 5B1A48FB249C490B00F0BFDF /* DetectDeinit.swift */; };
		5B1A48FE249C492100F0BFDF /* ActivityIndicator.swift in Sources */ = {isa = PBXBuildFile; fileRef = 5B1A48FD249C492100F0BFDF /* ActivityIndicator.swift */; };
		5B1A4900249C494500F0BFDF /* ErrorTracker.swift in Sources */ = {isa = PBXBuildFile; fileRef = 5B1A48FF249C494500F0BFDF /* ErrorTracker.swift */; };
		5B1A4902249C496100F0BFDF /* Observable+Ext.swift in Sources */ = {isa = PBXBuildFile; fileRef = 5B1A4901249C496100F0BFDF /* Observable+Ext.swift */; };
		5B1A4904249C498000F0BFDF /* BaseViewController.swift in Sources */ = {isa = PBXBuildFile; fileRef = 5B1A4903249C498000F0BFDF /* BaseViewController.swift */; };
		5B1A4906249C49A600F0BFDF /* .swiftlint.yml in Resources */ = {isa = PBXBuildFile; fileRef = 5B1A4905249C49A600F0BFDF /* .swiftlint.yml */; };
		5B1A490B249C4DDE00F0BFDF /* TagResponseDTO+Mapping.swift in Sources */ = {isa = PBXBuildFile; fileRef = 5B1A490A249C4DDE00F0BFDF /* TagResponseDTO+Mapping.swift */; };
		5B1A490D249C4E0500F0BFDF /* ModelType.swift in Sources */ = {isa = PBXBuildFile; fileRef = 5B1A490C249C4E0500F0BFDF /* ModelType.swift */; };
		5B1A490F249C4E1600F0BFDF /* ViewModelType.swift in Sources */ = {isa = PBXBuildFile; fileRef = 5B1A490E249C4E1600F0BFDF /* ViewModelType.swift */; };
		5B1A4911249C4E9F00F0BFDF /* Tag.swift in Sources */ = {isa = PBXBuildFile; fileRef = 5B1A4910249C4E9F00F0BFDF /* Tag.swift */; };
		5B1A4913249C4ECC00F0BFDF /* NewsResponseDTO+Mapping.swift in Sources */ = {isa = PBXBuildFile; fileRef = 5B1A4912249C4ECC00F0BFDF /* NewsResponseDTO+Mapping.swift */; };
		5B1A4915249C4F1B00F0BFDF /* News.swift in Sources */ = {isa = PBXBuildFile; fileRef = 5B1A4914249C4F1B00F0BFDF /* News.swift */; };
		5B1A4918249C4FCD00F0BFDF /* MainViewController.swift in Sources */ = {isa = PBXBuildFile; fileRef = 5B1A4917249C4FCD00F0BFDF /* MainViewController.swift */; };
		5B1A491A249C4FDA00F0BFDF /* MainViewController.storyboard in Resources */ = {isa = PBXBuildFile; fileRef = 5B1A4919249C4FDA00F0BFDF /* MainViewController.storyboard */; };
		5B1A491C249C527600F0BFDF /* FirestoreRepository.swift in Sources */ = {isa = PBXBuildFile; fileRef = 5B1A491B249C527600F0BFDF /* FirestoreRepository.swift */; };
		5B1A491E249C54A400F0BFDF /* FirestoreDAO.swift in Sources */ = {isa = PBXBuildFile; fileRef = 5B1A491D249C54A400F0BFDF /* FirestoreDAO.swift */; };
		5B1A4920249C551900F0BFDF /* FirestoreUseCase.swift in Sources */ = {isa = PBXBuildFile; fileRef = 5B1A491F249C551900F0BFDF /* FirestoreUseCase.swift */; };
		5B1A4922249C574B00F0BFDF /* MainFlowCoordinator.swift in Sources */ = {isa = PBXBuildFile; fileRef = 5B1A4921249C574B00F0BFDF /* MainFlowCoordinator.swift */; };
		5B1A4924249C57AF00F0BFDF /* MainViewModel.swift in Sources */ = {isa = PBXBuildFile; fileRef = 5B1A4923249C57AF00F0BFDF /* MainViewModel.swift */; };
		5B1A4926249C5C2A00F0BFDF /* AppAppearance.swift in Sources */ = {isa = PBXBuildFile; fileRef = 5B1A4925249C5C2A00F0BFDF /* AppAppearance.swift */; };
		5B1A4928249C5CA000F0BFDF /* MainSceneDIContainer.swift in Sources */ = {isa = PBXBuildFile; fileRef = 5B1A4927249C5CA000F0BFDF /* MainSceneDIContainer.swift */; };
		5B1A492A249C60D200F0BFDF /* AppFlowCoordinator.swift in Sources */ = {isa = PBXBuildFile; fileRef = 5B1A4929249C60D200F0BFDF /* AppFlowCoordinator.swift */; };
		5B1A492C249C610100F0BFDF /* AppDIContainer.swift in Sources */ = {isa = PBXBuildFile; fileRef = 5B1A492B249C610100F0BFDF /* AppDIContainer.swift */; };
		5B64CF0D24A47E9A0074FEF7 /* GestureIntroViewController.storyboard in Resources */ = {isa = PBXBuildFile; fileRef = 5B64CF0C24A47E9A0074FEF7 /* GestureIntroViewController.storyboard */; };
		5B64CF1024A47EC00074FEF7 /* GestureIntroViewController.swift in Sources */ = {isa = PBXBuildFile; fileRef = 5B64CF0F24A47EC00074FEF7 /* GestureIntroViewController.swift */; };
		5B64CF1224A57C270074FEF7 /* BorderUIButton.swift in Sources */ = {isa = PBXBuildFile; fileRef = 5B64CF1124A57C270074FEF7 /* BorderUIButton.swift */; };
		5B64CF1424A581690074FEF7 /* UserDefaultsManagement.swift in Sources */ = {isa = PBXBuildFile; fileRef = 5B64CF1324A581690074FEF7 /* UserDefaultsManagement.swift */; };
		5B64CF1624A587540074FEF7 /* UILabel+Ext.swift in Sources */ = {isa = PBXBuildFile; fileRef = 5B64CF1524A587540074FEF7 /* UILabel+Ext.swift */; };
		5B64CF1824A58BC10074FEF7 /* UIViewController+StatusBar.swift in Sources */ = {isa = PBXBuildFile; fileRef = 5B64CF1724A58BC10074FEF7 /* UIViewController+StatusBar.swift */; };
		5B64CF1E24A591900074FEF7 /* NewsDetailCoordinator.swift in Sources */ = {isa = PBXBuildFile; fileRef = 5B64CF1D24A591900074FEF7 /* NewsDetailCoordinator.swift */; };
		5B64CF2024A591A00074FEF7 /* NewsDetailViewModel.swift in Sources */ = {isa = PBXBuildFile; fileRef = 5B64CF1F24A591A00074FEF7 /* NewsDetailViewModel.swift */; };
		5B64CF2224A591C70074FEF7 /* NewsDetailViewController.swift in Sources */ = {isa = PBXBuildFile; fileRef = 5B64CF2124A591C70074FEF7 /* NewsDetailViewController.swift */; };
		5B64CF2424A591CF0074FEF7 /* NewsDetailViewController.storyboard in Resources */ = {isa = PBXBuildFile; fileRef = 5B64CF2324A591CF0074FEF7 /* NewsDetailViewController.storyboard */; };
		5B64CF4824A9888A0074FEF7 /* NewsDetailSceneDIContainer.swift in Sources */ = {isa = PBXBuildFile; fileRef = 5B64CF4724A9888A0074FEF7 /* NewsDetailSceneDIContainer.swift */; };
		5B64CF4A24A9BA540074FEF7 /* ToastView.swift in Sources */ = {isa = PBXBuildFile; fileRef = 5B64CF4924A9BA540074FEF7 /* ToastView.swift */; };
		5B64CF4C24A9C7DF0074FEF7 /* Image.swift in Sources */ = {isa = PBXBuildFile; fileRef = 5B64CF4B24A9C7DF0074FEF7 /* Image.swift */; };
		5B64CF4E24A9D52A0074FEF7 /* Bookmark.swift in Sources */ = {isa = PBXBuildFile; fileRef = 5B64CF4D24A9D52A0074FEF7 /* Bookmark.swift */; };
		5B64CF5024A9D6460074FEF7 /* RealmRepository.swift in Sources */ = {isa = PBXBuildFile; fileRef = 5B64CF4F24A9D6460074FEF7 /* RealmRepository.swift */; };
		5B64CF5224A9DBF30074FEF7 /* Realm+Ext.swift in Sources */ = {isa = PBXBuildFile; fileRef = 5B64CF5124A9DBF30074FEF7 /* Realm+Ext.swift */; };
		5B64CF5424A9E19A0074FEF7 /* RealmDAO.swift in Sources */ = {isa = PBXBuildFile; fileRef = 5B64CF5324A9E19A0074FEF7 /* RealmDAO.swift */; };
		5B64CF5624A9E1FA0074FEF7 /* RunLoopThreadScheduler.swift in Sources */ = {isa = PBXBuildFile; fileRef = 5B64CF5524A9E1FA0074FEF7 /* RunLoopThreadScheduler.swift */; };
		5B64CF6124AB09870074FEF7 /* SettingViewController.storyboard in Resources */ = {isa = PBXBuildFile; fileRef = 5B64CF6024AB09870074FEF7 /* SettingViewController.storyboard */; };
		5B64CF6324AB09950074FEF7 /* SettingViewController.swift in Sources */ = {isa = PBXBuildFile; fileRef = 5B64CF6224AB09950074FEF7 /* SettingViewController.swift */; };
		5B64CF6524AB0D300074FEF7 /* SettingCoordinator.swift in Sources */ = {isa = PBXBuildFile; fileRef = 5B64CF6424AB0D300074FEF7 /* SettingCoordinator.swift */; };
		5B64CF6724AB0E4F0074FEF7 /* SettingSceneDIContainer.swift in Sources */ = {isa = PBXBuildFile; fileRef = 5B64CF6624AB0E4F0074FEF7 /* SettingSceneDIContainer.swift */; };
		5B92442D24AC4E9100E58FDC /* CommentViewController.storyboard in Resources */ = {isa = PBXBuildFile; fileRef = 5B92442C24AC4E9100E58FDC /* CommentViewController.storyboard */; };
		5B92442F24AC4E9C00E58FDC /* CommentViewController.swift in Sources */ = {isa = PBXBuildFile; fileRef = 5B92442E24AC4E9C00E58FDC /* CommentViewController.swift */; };
		5B92443324AC532600E58FDC /* CommentCell.swift in Sources */ = {isa = PBXBuildFile; fileRef = 5B92443224AC532600E58FDC /* CommentCell.swift */; };
		5B92443524AC6FE100E58FDC /* CommentViewModel.swift in Sources */ = {isa = PBXBuildFile; fileRef = 5B92443424AC6FE100E58FDC /* CommentViewModel.swift */; };
		5BC3DFBA24AA155A00BEDBEF /* RealmUseCase.swift in Sources */ = {isa = PBXBuildFile; fileRef = 5BC3DFB924AA155A00BEDBEF /* RealmUseCase.swift */; };
		5BC3DFC024AA294A00BEDBEF /* BookmarkViewController.storyboard in Resources */ = {isa = PBXBuildFile; fileRef = 5BC3DFBF24AA294A00BEDBEF /* BookmarkViewController.storyboard */; };
		5BC3DFC224AA295A00BEDBEF /* BookmarkViewController.swift in Sources */ = {isa = PBXBuildFile; fileRef = 5BC3DFC124AA295900BEDBEF /* BookmarkViewController.swift */; };
		5BC3DFC424AA296900BEDBEF /* BookmarkViewModel.swift in Sources */ = {isa = PBXBuildFile; fileRef = 5BC3DFC324AA296900BEDBEF /* BookmarkViewModel.swift */; };
		5BC3DFC624AA298000BEDBEF /* BookmarkCoordinator.swift in Sources */ = {isa = PBXBuildFile; fileRef = 5BC3DFC524AA298000BEDBEF /* BookmarkCoordinator.swift */; };
		5BC3DFC924AA2A4A00BEDBEF /* BookmarkCell.swift in Sources */ = {isa = PBXBuildFile; fileRef = 5BC3DFC824AA2A4A00BEDBEF /* BookmarkCell.swift */; };
		5BC3DFCD24AA2AC500BEDBEF /* BorderUIImageView.swift in Sources */ = {isa = PBXBuildFile; fileRef = 5BC3DFCC24AA2AC500BEDBEF /* BorderUIImageView.swift */; };
		5BC3DFCF24AA2D9D00BEDBEF /* BookmarkSceneDIContainer.swift in Sources */ = {isa = PBXBuildFile; fileRef = 5BC3DFCE24AA2D9D00BEDBEF /* BookmarkSceneDIContainer.swift */; };
		5BC3DFD124AA348900BEDBEF /* BookmarkListItemViewModel.swift in Sources */ = {isa = PBXBuildFile; fileRef = 5BC3DFD024AA348900BEDBEF /* BookmarkListItemViewModel.swift */; };
		5BC3DFD324AB6E9C00BEDBEF /* Utility.swift in Sources */ = {isa = PBXBuildFile; fileRef = 5BC3DFD224AB6E9C00BEDBEF /* Utility.swift */; };
		5BC3DFDF24ACB58F00BEDBEF /* GoogleService-Info.plist in Resources */ = {isa = PBXBuildFile; fileRef = 5BC3DFDE24ACB58F00BEDBEF /* GoogleService-Info.plist */; };
		5BC3DFE124ACC0BD00BEDBEF /* RxTextFieldDelegateProxy.swift in Sources */ = {isa = PBXBuildFile; fileRef = 5BC3DFE024ACC0BD00BEDBEF /* RxTextFieldDelegateProxy.swift */; };
		5BC3DFE324ACC11C00BEDBEF /* UITextField+Rx.swift in Sources */ = {isa = PBXBuildFile; fileRef = 5BC3DFE224ACC11C00BEDBEF /* UITextField+Rx.swift */; };
		5BC3DFE524ACC68200BEDBEF /* CommentResponseDTO+Mapping.swift in Sources */ = {isa = PBXBuildFile; fileRef = 5BC3DFE424ACC68200BEDBEF /* CommentResponseDTO+Mapping.swift */; };
		5BC3DFE724ACC6F600BEDBEF /* Comment.swift in Sources */ = {isa = PBXBuildFile; fileRef = 5BC3DFE624ACC6F600BEDBEF /* Comment.swift */; };
		5BC3DFE924ACC86C00BEDBEF /* CommentListItemViewModel.swift in Sources */ = {isa = PBXBuildFile; fileRef = 5BC3DFE824ACC86C00BEDBEF /* CommentListItemViewModel.swift */; };
		5BC3DFEF24ACD87500BEDBEF /* UITableView.swift in Sources */ = {isa = PBXBuildFile; fileRef = 5BC3DFEE24ACD87500BEDBEF /* UITableView.swift */; };
		5BF131E824A192E700E1D94B /* TagCell.swift in Sources */ = {isa = PBXBuildFile; fileRef = 5BF131E724A192E700E1D94B /* TagCell.swift */; };
		5BF131EA24A1A21500E1D94B /* UIView+Ext.swift in Sources */ = {isa = PBXBuildFile; fileRef = 5BF131E924A1A21500E1D94B /* UIView+Ext.swift */; };
		5BF131EC24A1A28300E1D94B /* NewsCardView.swift in Sources */ = {isa = PBXBuildFile; fileRef = 5BF131EB24A1A28300E1D94B /* NewsCardView.swift */; };
		5BF131EE24A1A28D00E1D94B /* NewsCardView.xib in Resources */ = {isa = PBXBuildFile; fileRef = 5BF131ED24A1A28D00E1D94B /* NewsCardView.xib */; };
		5BF131F224A1A32A00E1D94B /* BorderUIView.swift in Sources */ = {isa = PBXBuildFile; fileRef = 5BF131F124A1A32A00E1D94B /* BorderUIView.swift */; };
		5BF131F424A1A40600E1D94B /* CustomGradientView.swift in Sources */ = {isa = PBXBuildFile; fileRef = 5BF131F324A1A40600E1D94B /* CustomGradientView.swift */; };
		5BF131F624A2116200E1D94B /* RxKolodaDelegateProxy.swift in Sources */ = {isa = PBXBuildFile; fileRef = 5BF131F524A2116200E1D94B /* RxKolodaDelegateProxy.swift */; };
		5BF131F824A213C100E1D94B /* MainNewsListViewModel.swift in Sources */ = {isa = PBXBuildFile; fileRef = 5BF131F724A213C100E1D94B /* MainNewsListViewModel.swift */; };
		5BF131FA24A231CB00E1D94B /* String+Ext.swift in Sources */ = {isa = PBXBuildFile; fileRef = 5BF131F924A231CA00E1D94B /* String+Ext.swift */; };
		5BF131FC24A2326300E1D94B /* Localizable.strings in Resources */ = {isa = PBXBuildFile; fileRef = 5BF131FB24A2326300E1D94B /* Localizable.strings */; };
		E336CC56FC3552D4CB4C97EB /* Pods_PodTests.framework in Frameworks */ = {isa = PBXBuildFile; fileRef = 3CBBAF237CD3ED67C11D3133 /* Pods_PodTests.framework */; };
		FCC497AF94E1E5FE5A92F5D5 /* Pods_Pod_PodUITests.framework in Frameworks */ = {isa = PBXBuildFile; fileRef = 2087C918D480B507A198B266 /* Pods_Pod_PodUITests.framework */; };
/* End PBXBuildFile section */

/* Begin PBXContainerItemProxy section */
		5B1A48BF249C3C3A00F0BFDF /* PBXContainerItemProxy */ = {
			isa = PBXContainerItemProxy;
			containerPortal = 5B1A48A0249C3C3800F0BFDF /* Project object */;
			proxyType = 1;
			remoteGlobalIDString = 5B1A48A7249C3C3800F0BFDF;
			remoteInfo = Pod;
		};
		5B1A48CA249C3C3A00F0BFDF /* PBXContainerItemProxy */ = {
			isa = PBXContainerItemProxy;
			containerPortal = 5B1A48A0249C3C3800F0BFDF /* Project object */;
			proxyType = 1;
			remoteGlobalIDString = 5B1A48A7249C3C3800F0BFDF;
			remoteInfo = Pod;
		};
/* End PBXContainerItemProxy section */

/* Begin PBXFileReference section */
		2087C918D480B507A198B266 /* Pods_Pod_PodUITests.framework */ = {isa = PBXFileReference; explicitFileType = wrapper.framework; includeInIndex = 0; path = Pods_Pod_PodUITests.framework; sourceTree = BUILT_PRODUCTS_DIR; };
		3CBBAF237CD3ED67C11D3133 /* Pods_PodTests.framework */ = {isa = PBXFileReference; explicitFileType = wrapper.framework; includeInIndex = 0; path = Pods_PodTests.framework; sourceTree = BUILT_PRODUCTS_DIR; };
		43A386CE3571DB90427DD529 /* Pods-PodTests.debug.xcconfig */ = {isa = PBXFileReference; includeInIndex = 1; lastKnownFileType = text.xcconfig; name = "Pods-PodTests.debug.xcconfig"; path = "Target Support Files/Pods-PodTests/Pods-PodTests.debug.xcconfig"; sourceTree = "<group>"; };
		5B1A48A8249C3C3800F0BFDF /* Pod.app */ = {isa = PBXFileReference; explicitFileType = wrapper.application; includeInIndex = 0; path = Pod.app; sourceTree = BUILT_PRODUCTS_DIR; };
		5B1A48AB249C3C3800F0BFDF /* AppDelegate.swift */ = {isa = PBXFileReference; lastKnownFileType = sourcecode.swift; path = AppDelegate.swift; sourceTree = "<group>"; };
		5B1A48B4249C3C3A00F0BFDF /* Assets.xcassets */ = {isa = PBXFileReference; lastKnownFileType = folder.assetcatalog; path = Assets.xcassets; sourceTree = "<group>"; };
		5B1A48B7249C3C3A00F0BFDF /* Base */ = {isa = PBXFileReference; lastKnownFileType = file.storyboard; name = Base; path = Base.lproj/LaunchScreen.storyboard; sourceTree = "<group>"; };
		5B1A48B9249C3C3A00F0BFDF /* Info.plist */ = {isa = PBXFileReference; lastKnownFileType = text.plist.xml; path = Info.plist; sourceTree = "<group>"; };
		5B1A48BE249C3C3A00F0BFDF /* PodTests.xctest */ = {isa = PBXFileReference; explicitFileType = wrapper.cfbundle; includeInIndex = 0; path = PodTests.xctest; sourceTree = BUILT_PRODUCTS_DIR; };
		5B1A48C2249C3C3A00F0BFDF /* PodTests.swift */ = {isa = PBXFileReference; lastKnownFileType = sourcecode.swift; path = PodTests.swift; sourceTree = "<group>"; };
		5B1A48C4249C3C3A00F0BFDF /* Info.plist */ = {isa = PBXFileReference; lastKnownFileType = text.plist.xml; path = Info.plist; sourceTree = "<group>"; };
		5B1A48C9249C3C3A00F0BFDF /* PodUITests.xctest */ = {isa = PBXFileReference; explicitFileType = wrapper.cfbundle; includeInIndex = 0; path = PodUITests.xctest; sourceTree = BUILT_PRODUCTS_DIR; };
		5B1A48CD249C3C3A00F0BFDF /* PodUITests.swift */ = {isa = PBXFileReference; lastKnownFileType = sourcecode.swift; path = PodUITests.swift; sourceTree = "<group>"; };
		5B1A48CF249C3C3A00F0BFDF /* Info.plist */ = {isa = PBXFileReference; lastKnownFileType = text.plist.xml; path = Info.plist; sourceTree = "<group>"; };
		5B1A48E3249C45E600F0BFDF /* Logger.swift */ = {isa = PBXFileReference; lastKnownFileType = sourcecode.swift; path = Logger.swift; sourceTree = "<group>"; };
		5B1A48F3249C479E00F0BFDF /* Alertable.swift */ = {isa = PBXFileReference; lastKnownFileType = sourcecode.swift; path = Alertable.swift; sourceTree = "<group>"; };
		5B1A48F5249C47B500F0BFDF /* StoryboardInstantiable.swift */ = {isa = PBXFileReference; lastKnownFileType = sourcecode.swift; path = StoryboardInstantiable.swift; sourceTree = "<group>"; };
		5B1A48F7249C48A100F0BFDF /* UIColor.swift */ = {isa = PBXFileReference; lastKnownFileType = sourcecode.swift; path = UIColor.swift; sourceTree = "<group>"; };
		5B1A48F9249C48DA00F0BFDF /* UIImageView+Kingfisher.swift */ = {isa = PBXFileReference; lastKnownFileType = sourcecode.swift; path = "UIImageView+Kingfisher.swift"; sourceTree = "<group>"; };
		5B1A48FB249C490B00F0BFDF /* DetectDeinit.swift */ = {isa = PBXFileReference; lastKnownFileType = sourcecode.swift; path = DetectDeinit.swift; sourceTree = "<group>"; };
		5B1A48FD249C492100F0BFDF /* ActivityIndicator.swift */ = {isa = PBXFileReference; lastKnownFileType = sourcecode.swift; path = ActivityIndicator.swift; sourceTree = "<group>"; };
		5B1A48FF249C494500F0BFDF /* ErrorTracker.swift */ = {isa = PBXFileReference; lastKnownFileType = sourcecode.swift; path = ErrorTracker.swift; sourceTree = "<group>"; };
		5B1A4901249C496100F0BFDF /* Observable+Ext.swift */ = {isa = PBXFileReference; lastKnownFileType = sourcecode.swift; path = "Observable+Ext.swift"; sourceTree = "<group>"; };
		5B1A4903249C498000F0BFDF /* BaseViewController.swift */ = {isa = PBXFileReference; lastKnownFileType = sourcecode.swift; path = BaseViewController.swift; sourceTree = "<group>"; };
		5B1A4905249C49A600F0BFDF /* .swiftlint.yml */ = {isa = PBXFileReference; lastKnownFileType = text.yaml; path = .swiftlint.yml; sourceTree = "<group>"; };
		5B1A490A249C4DDE00F0BFDF /* TagResponseDTO+Mapping.swift */ = {isa = PBXFileReference; lastKnownFileType = sourcecode.swift; path = "TagResponseDTO+Mapping.swift"; sourceTree = "<group>"; };
		5B1A490C249C4E0500F0BFDF /* ModelType.swift */ = {isa = PBXFileReference; lastKnownFileType = sourcecode.swift; path = ModelType.swift; sourceTree = "<group>"; };
		5B1A490E249C4E1600F0BFDF /* ViewModelType.swift */ = {isa = PBXFileReference; lastKnownFileType = sourcecode.swift; path = ViewModelType.swift; sourceTree = "<group>"; };
		5B1A4910249C4E9F00F0BFDF /* Tag.swift */ = {isa = PBXFileReference; lastKnownFileType = sourcecode.swift; path = Tag.swift; sourceTree = "<group>"; };
		5B1A4912249C4ECC00F0BFDF /* NewsResponseDTO+Mapping.swift */ = {isa = PBXFileReference; lastKnownFileType = sourcecode.swift; path = "NewsResponseDTO+Mapping.swift"; sourceTree = "<group>"; };
		5B1A4914249C4F1B00F0BFDF /* News.swift */ = {isa = PBXFileReference; lastKnownFileType = sourcecode.swift; path = News.swift; sourceTree = "<group>"; };
		5B1A4917249C4FCD00F0BFDF /* MainViewController.swift */ = {isa = PBXFileReference; lastKnownFileType = sourcecode.swift; path = MainViewController.swift; sourceTree = "<group>"; };
		5B1A4919249C4FDA00F0BFDF /* MainViewController.storyboard */ = {isa = PBXFileReference; lastKnownFileType = file.storyboard; path = MainViewController.storyboard; sourceTree = "<group>"; };
		5B1A491B249C527600F0BFDF /* FirestoreRepository.swift */ = {isa = PBXFileReference; lastKnownFileType = sourcecode.swift; path = FirestoreRepository.swift; sourceTree = "<group>"; };
		5B1A491D249C54A400F0BFDF /* FirestoreDAO.swift */ = {isa = PBXFileReference; lastKnownFileType = sourcecode.swift; path = FirestoreDAO.swift; sourceTree = "<group>"; };
		5B1A491F249C551900F0BFDF /* FirestoreUseCase.swift */ = {isa = PBXFileReference; lastKnownFileType = sourcecode.swift; path = FirestoreUseCase.swift; sourceTree = "<group>"; };
		5B1A4921249C574B00F0BFDF /* MainFlowCoordinator.swift */ = {isa = PBXFileReference; lastKnownFileType = sourcecode.swift; path = MainFlowCoordinator.swift; sourceTree = "<group>"; };
		5B1A4923249C57AF00F0BFDF /* MainViewModel.swift */ = {isa = PBXFileReference; lastKnownFileType = sourcecode.swift; path = MainViewModel.swift; sourceTree = "<group>"; };
		5B1A4925249C5C2A00F0BFDF /* AppAppearance.swift */ = {isa = PBXFileReference; lastKnownFileType = sourcecode.swift; path = AppAppearance.swift; sourceTree = "<group>"; };
		5B1A4927249C5CA000F0BFDF /* MainSceneDIContainer.swift */ = {isa = PBXFileReference; lastKnownFileType = sourcecode.swift; path = MainSceneDIContainer.swift; sourceTree = "<group>"; };
		5B1A4929249C60D200F0BFDF /* AppFlowCoordinator.swift */ = {isa = PBXFileReference; lastKnownFileType = sourcecode.swift; path = AppFlowCoordinator.swift; sourceTree = "<group>"; };
		5B1A492B249C610100F0BFDF /* AppDIContainer.swift */ = {isa = PBXFileReference; lastKnownFileType = sourcecode.swift; path = AppDIContainer.swift; sourceTree = "<group>"; };
		5B64CF0C24A47E9A0074FEF7 /* GestureIntroViewController.storyboard */ = {isa = PBXFileReference; lastKnownFileType = file.storyboard; path = GestureIntroViewController.storyboard; sourceTree = "<group>"; };
		5B64CF0F24A47EC00074FEF7 /* GestureIntroViewController.swift */ = {isa = PBXFileReference; lastKnownFileType = sourcecode.swift; path = GestureIntroViewController.swift; sourceTree = "<group>"; };
		5B64CF1124A57C270074FEF7 /* BorderUIButton.swift */ = {isa = PBXFileReference; lastKnownFileType = sourcecode.swift; path = BorderUIButton.swift; sourceTree = "<group>"; };
		5B64CF1324A581690074FEF7 /* UserDefaultsManagement.swift */ = {isa = PBXFileReference; lastKnownFileType = sourcecode.swift; path = UserDefaultsManagement.swift; sourceTree = "<group>"; };
		5B64CF1524A587540074FEF7 /* UILabel+Ext.swift */ = {isa = PBXFileReference; lastKnownFileType = sourcecode.swift; path = "UILabel+Ext.swift"; sourceTree = "<group>"; };
		5B64CF1724A58BC10074FEF7 /* UIViewController+StatusBar.swift */ = {isa = PBXFileReference; lastKnownFileType = sourcecode.swift; path = "UIViewController+StatusBar.swift"; sourceTree = "<group>"; };
		5B64CF1D24A591900074FEF7 /* NewsDetailCoordinator.swift */ = {isa = PBXFileReference; lastKnownFileType = sourcecode.swift; path = NewsDetailCoordinator.swift; sourceTree = "<group>"; };
		5B64CF1F24A591A00074FEF7 /* NewsDetailViewModel.swift */ = {isa = PBXFileReference; lastKnownFileType = sourcecode.swift; path = NewsDetailViewModel.swift; sourceTree = "<group>"; };
		5B64CF2124A591C70074FEF7 /* NewsDetailViewController.swift */ = {isa = PBXFileReference; lastKnownFileType = sourcecode.swift; path = NewsDetailViewController.swift; sourceTree = "<group>"; };
		5B64CF2324A591CF0074FEF7 /* NewsDetailViewController.storyboard */ = {isa = PBXFileReference; lastKnownFileType = file.storyboard; path = NewsDetailViewController.storyboard; sourceTree = "<group>"; };
		5B64CF4724A9888A0074FEF7 /* NewsDetailSceneDIContainer.swift */ = {isa = PBXFileReference; lastKnownFileType = sourcecode.swift; path = NewsDetailSceneDIContainer.swift; sourceTree = "<group>"; };
		5B64CF4924A9BA540074FEF7 /* ToastView.swift */ = {isa = PBXFileReference; lastKnownFileType = sourcecode.swift; path = ToastView.swift; sourceTree = "<group>"; };
		5B64CF4B24A9C7DF0074FEF7 /* Image.swift */ = {isa = PBXFileReference; lastKnownFileType = sourcecode.swift; path = Image.swift; sourceTree = "<group>"; };
		5B64CF4D24A9D52A0074FEF7 /* Bookmark.swift */ = {isa = PBXFileReference; lastKnownFileType = sourcecode.swift; path = Bookmark.swift; sourceTree = "<group>"; };
		5B64CF4F24A9D6460074FEF7 /* RealmRepository.swift */ = {isa = PBXFileReference; lastKnownFileType = sourcecode.swift; path = RealmRepository.swift; sourceTree = "<group>"; };
		5B64CF5124A9DBF30074FEF7 /* Realm+Ext.swift */ = {isa = PBXFileReference; lastKnownFileType = sourcecode.swift; path = "Realm+Ext.swift"; sourceTree = "<group>"; };
		5B64CF5324A9E19A0074FEF7 /* RealmDAO.swift */ = {isa = PBXFileReference; lastKnownFileType = sourcecode.swift; path = RealmDAO.swift; sourceTree = "<group>"; };
		5B64CF5524A9E1FA0074FEF7 /* RunLoopThreadScheduler.swift */ = {isa = PBXFileReference; lastKnownFileType = sourcecode.swift; path = RunLoopThreadScheduler.swift; sourceTree = "<group>"; };
		5B64CF6024AB09870074FEF7 /* SettingViewController.storyboard */ = {isa = PBXFileReference; lastKnownFileType = file.storyboard; path = SettingViewController.storyboard; sourceTree = "<group>"; };
		5B64CF6224AB09950074FEF7 /* SettingViewController.swift */ = {isa = PBXFileReference; lastKnownFileType = sourcecode.swift; path = SettingViewController.swift; sourceTree = "<group>"; };
		5B64CF6424AB0D300074FEF7 /* SettingCoordinator.swift */ = {isa = PBXFileReference; lastKnownFileType = sourcecode.swift; path = SettingCoordinator.swift; sourceTree = "<group>"; };
		5B64CF6624AB0E4F0074FEF7 /* SettingSceneDIContainer.swift */ = {isa = PBXFileReference; lastKnownFileType = sourcecode.swift; path = SettingSceneDIContainer.swift; sourceTree = "<group>"; };
		5B6AA33324A2D8190075EAB8 /* Pod.entitlements */ = {isa = PBXFileReference; lastKnownFileType = text.plist.entitlements; path = Pod.entitlements; sourceTree = "<group>"; };
		5B92442C24AC4E9100E58FDC /* CommentViewController.storyboard */ = {isa = PBXFileReference; lastKnownFileType = file.storyboard; path = CommentViewController.storyboard; sourceTree = "<group>"; };
		5B92442E24AC4E9C00E58FDC /* CommentViewController.swift */ = {isa = PBXFileReference; lastKnownFileType = sourcecode.swift; path = CommentViewController.swift; sourceTree = "<group>"; };
		5B92443224AC532600E58FDC /* CommentCell.swift */ = {isa = PBXFileReference; lastKnownFileType = sourcecode.swift; path = CommentCell.swift; sourceTree = "<group>"; };
		5B92443424AC6FE100E58FDC /* CommentViewModel.swift */ = {isa = PBXFileReference; lastKnownFileType = sourcecode.swift; path = CommentViewModel.swift; sourceTree = "<group>"; };
		5BC3DFB924AA155A00BEDBEF /* RealmUseCase.swift */ = {isa = PBXFileReference; lastKnownFileType = sourcecode.swift; path = RealmUseCase.swift; sourceTree = "<group>"; };
		5BC3DFBF24AA294A00BEDBEF /* BookmarkViewController.storyboard */ = {isa = PBXFileReference; lastKnownFileType = file.storyboard; path = BookmarkViewController.storyboard; sourceTree = "<group>"; };
		5BC3DFC124AA295900BEDBEF /* BookmarkViewController.swift */ = {isa = PBXFileReference; lastKnownFileType = sourcecode.swift; path = BookmarkViewController.swift; sourceTree = "<group>"; };
		5BC3DFC324AA296900BEDBEF /* BookmarkViewModel.swift */ = {isa = PBXFileReference; lastKnownFileType = sourcecode.swift; path = BookmarkViewModel.swift; sourceTree = "<group>"; };
		5BC3DFC524AA298000BEDBEF /* BookmarkCoordinator.swift */ = {isa = PBXFileReference; lastKnownFileType = sourcecode.swift; path = BookmarkCoordinator.swift; sourceTree = "<group>"; };
		5BC3DFC824AA2A4A00BEDBEF /* BookmarkCell.swift */ = {isa = PBXFileReference; lastKnownFileType = sourcecode.swift; path = BookmarkCell.swift; sourceTree = "<group>"; };
		5BC3DFCC24AA2AC500BEDBEF /* BorderUIImageView.swift */ = {isa = PBXFileReference; lastKnownFileType = sourcecode.swift; path = BorderUIImageView.swift; sourceTree = "<group>"; };
		5BC3DFCE24AA2D9D00BEDBEF /* BookmarkSceneDIContainer.swift */ = {isa = PBXFileReference; lastKnownFileType = sourcecode.swift; path = BookmarkSceneDIContainer.swift; sourceTree = "<group>"; };
		5BC3DFD024AA348900BEDBEF /* BookmarkListItemViewModel.swift */ = {isa = PBXFileReference; lastKnownFileType = sourcecode.swift; path = BookmarkListItemViewModel.swift; sourceTree = "<group>"; };
		5BC3DFD224AB6E9C00BEDBEF /* Utility.swift */ = {isa = PBXFileReference; lastKnownFileType = sourcecode.swift; path = Utility.swift; sourceTree = "<group>"; };
		5BC3DFDE24ACB58F00BEDBEF /* GoogleService-Info.plist */ = {isa = PBXFileReference; fileEncoding = 4; lastKnownFileType = text.plist.xml; path = "GoogleService-Info.plist"; sourceTree = "<group>"; };
		5BC3DFE024ACC0BD00BEDBEF /* RxTextFieldDelegateProxy.swift */ = {isa = PBXFileReference; lastKnownFileType = sourcecode.swift; path = RxTextFieldDelegateProxy.swift; sourceTree = "<group>"; };
		5BC3DFE224ACC11C00BEDBEF /* UITextField+Rx.swift */ = {isa = PBXFileReference; lastKnownFileType = sourcecode.swift; path = "UITextField+Rx.swift"; sourceTree = "<group>"; };
		5BC3DFE424ACC68200BEDBEF /* CommentResponseDTO+Mapping.swift */ = {isa = PBXFileReference; lastKnownFileType = sourcecode.swift; path = "CommentResponseDTO+Mapping.swift"; sourceTree = "<group>"; };
		5BC3DFE624ACC6F600BEDBEF /* Comment.swift */ = {isa = PBXFileReference; lastKnownFileType = sourcecode.swift; path = Comment.swift; sourceTree = "<group>"; };
		5BC3DFE824ACC86C00BEDBEF /* CommentListItemViewModel.swift */ = {isa = PBXFileReference; lastKnownFileType = sourcecode.swift; path = CommentListItemViewModel.swift; sourceTree = "<group>"; };
		5BC3DFEE24ACD87500BEDBEF /* UITableView.swift */ = {isa = PBXFileReference; lastKnownFileType = sourcecode.swift; path = UITableView.swift; sourceTree = "<group>"; };
		5BF131E724A192E700E1D94B /* TagCell.swift */ = {isa = PBXFileReference; lastKnownFileType = sourcecode.swift; path = TagCell.swift; sourceTree = "<group>"; };
		5BF131E924A1A21500E1D94B /* UIView+Ext.swift */ = {isa = PBXFileReference; lastKnownFileType = sourcecode.swift; path = "UIView+Ext.swift"; sourceTree = "<group>"; };
		5BF131EB24A1A28300E1D94B /* NewsCardView.swift */ = {isa = PBXFileReference; lastKnownFileType = sourcecode.swift; path = NewsCardView.swift; sourceTree = "<group>"; };
		5BF131ED24A1A28D00E1D94B /* NewsCardView.xib */ = {isa = PBXFileReference; lastKnownFileType = file.xib; path = NewsCardView.xib; sourceTree = "<group>"; };
		5BF131F124A1A32A00E1D94B /* BorderUIView.swift */ = {isa = PBXFileReference; lastKnownFileType = sourcecode.swift; path = BorderUIView.swift; sourceTree = "<group>"; };
		5BF131F324A1A40600E1D94B /* CustomGradientView.swift */ = {isa = PBXFileReference; lastKnownFileType = sourcecode.swift; path = CustomGradientView.swift; sourceTree = "<group>"; };
		5BF131F524A2116200E1D94B /* RxKolodaDelegateProxy.swift */ = {isa = PBXFileReference; lastKnownFileType = sourcecode.swift; path = RxKolodaDelegateProxy.swift; sourceTree = "<group>"; };
		5BF131F724A213C100E1D94B /* MainNewsListViewModel.swift */ = {isa = PBXFileReference; lastKnownFileType = sourcecode.swift; path = MainNewsListViewModel.swift; sourceTree = "<group>"; };
		5BF131F924A231CA00E1D94B /* String+Ext.swift */ = {isa = PBXFileReference; lastKnownFileType = sourcecode.swift; path = "String+Ext.swift"; sourceTree = "<group>"; };
		5BF131FB24A2326300E1D94B /* Localizable.strings */ = {isa = PBXFileReference; lastKnownFileType = text.plist.strings; path = Localizable.strings; sourceTree = "<group>"; };
		7EB9474B08233DB18A6F272E /* Pods-Pod.debug.xcconfig */ = {isa = PBXFileReference; includeInIndex = 1; lastKnownFileType = text.xcconfig; name = "Pods-Pod.debug.xcconfig"; path = "Target Support Files/Pods-Pod/Pods-Pod.debug.xcconfig"; sourceTree = "<group>"; };
		A014B854F65D3CAEC75E3E07 /* Pods-Pod-PodUITests.release.xcconfig */ = {isa = PBXFileReference; includeInIndex = 1; lastKnownFileType = text.xcconfig; name = "Pods-Pod-PodUITests.release.xcconfig"; path = "Target Support Files/Pods-Pod-PodUITests/Pods-Pod-PodUITests.release.xcconfig"; sourceTree = "<group>"; };
		B72958B7C6025FF483E17A11 /* Pods-Pod.release.xcconfig */ = {isa = PBXFileReference; includeInIndex = 1; lastKnownFileType = text.xcconfig; name = "Pods-Pod.release.xcconfig"; path = "Target Support Files/Pods-Pod/Pods-Pod.release.xcconfig"; sourceTree = "<group>"; };
		B828B592FBF2DB50DE76EFA6 /* Pods-Pod-PodUITests.debug.xcconfig */ = {isa = PBXFileReference; includeInIndex = 1; lastKnownFileType = text.xcconfig; name = "Pods-Pod-PodUITests.debug.xcconfig"; path = "Target Support Files/Pods-Pod-PodUITests/Pods-Pod-PodUITests.debug.xcconfig"; sourceTree = "<group>"; };
		E65DA877FBF4473B8DBB4E3B /* Pods-PodTests.release.xcconfig */ = {isa = PBXFileReference; includeInIndex = 1; lastKnownFileType = text.xcconfig; name = "Pods-PodTests.release.xcconfig"; path = "Target Support Files/Pods-PodTests/Pods-PodTests.release.xcconfig"; sourceTree = "<group>"; };
		FBBDD9A551DB4E01C2029D63 /* Pods_Pod.framework */ = {isa = PBXFileReference; explicitFileType = wrapper.framework; includeInIndex = 0; path = Pods_Pod.framework; sourceTree = BUILT_PRODUCTS_DIR; };
/* End PBXFileReference section */

/* Begin PBXFrameworksBuildPhase section */
		5B1A48A5249C3C3800F0BFDF /* Frameworks */ = {
			isa = PBXFrameworksBuildPhase;
			buildActionMask = 2147483647;
			files = (
				25A9E1ED9BFAF41514DF3FE8 /* Pods_Pod.framework in Frameworks */,
			);
			runOnlyForDeploymentPostprocessing = 0;
		};
		5B1A48BB249C3C3A00F0BFDF /* Frameworks */ = {
			isa = PBXFrameworksBuildPhase;
			buildActionMask = 2147483647;
			files = (
				E336CC56FC3552D4CB4C97EB /* Pods_PodTests.framework in Frameworks */,
			);
			runOnlyForDeploymentPostprocessing = 0;
		};
		5B1A48C6249C3C3A00F0BFDF /* Frameworks */ = {
			isa = PBXFrameworksBuildPhase;
			buildActionMask = 2147483647;
			files = (
				FCC497AF94E1E5FE5A92F5D5 /* Pods_Pod_PodUITests.framework in Frameworks */,
			);
			runOnlyForDeploymentPostprocessing = 0;
		};
/* End PBXFrameworksBuildPhase section */

/* Begin PBXGroup section */
		115B723BB2B15FB6BAA1F002 /* Pods */ = {
			isa = PBXGroup;
			children = (
				7EB9474B08233DB18A6F272E /* Pods-Pod.debug.xcconfig */,
				B72958B7C6025FF483E17A11 /* Pods-Pod.release.xcconfig */,
				B828B592FBF2DB50DE76EFA6 /* Pods-Pod-PodUITests.debug.xcconfig */,
				A014B854F65D3CAEC75E3E07 /* Pods-Pod-PodUITests.release.xcconfig */,
				43A386CE3571DB90427DD529 /* Pods-PodTests.debug.xcconfig */,
				E65DA877FBF4473B8DBB4E3B /* Pods-PodTests.release.xcconfig */,
			);
			path = Pods;
			sourceTree = "<group>";
		};
		2DA2141753A5F9BF1CCC1402 /* Frameworks */ = {
			isa = PBXGroup;
			children = (
				FBBDD9A551DB4E01C2029D63 /* Pods_Pod.framework */,
				2087C918D480B507A198B266 /* Pods_Pod_PodUITests.framework */,
				3CBBAF237CD3ED67C11D3133 /* Pods_PodTests.framework */,
			);
			name = Frameworks;
			sourceTree = "<group>";
		};
		5B1A489F249C3C3800F0BFDF = {
			isa = PBXGroup;
			children = (
				5B1A4905249C49A600F0BFDF /* .swiftlint.yml */,
				5B1A48AA249C3C3800F0BFDF /* Pod */,
				5B1A48C1249C3C3A00F0BFDF /* PodTests */,
				5B1A48CC249C3C3A00F0BFDF /* PodUITests */,
				5B1A48A9249C3C3800F0BFDF /* Products */,
				115B723BB2B15FB6BAA1F002 /* Pods */,
				2DA2141753A5F9BF1CCC1402 /* Frameworks */,
			);
			sourceTree = "<group>";
		};
		5B1A48A9249C3C3800F0BFDF /* Products */ = {
			isa = PBXGroup;
			children = (
				5B1A48A8249C3C3800F0BFDF /* Pod.app */,
				5B1A48BE249C3C3A00F0BFDF /* PodTests.xctest */,
				5B1A48C9249C3C3A00F0BFDF /* PodUITests.xctest */,
			);
			name = Products;
			sourceTree = "<group>";
		};
		5B1A48AA249C3C3800F0BFDF /* Pod */ = {
			isa = PBXGroup;
			children = (
				5B6AA33324A2D8190075EAB8 /* Pod.entitlements */,
				5BC3DFDE24ACB58F00BEDBEF /* GoogleService-Info.plist */,
				5B1A48E0249C44AF00F0BFDF /* Application */,
				5B1A48DF249C44A500F0BFDF /* Presentation */,
				5B1A48DE249C449D00F0BFDF /* Domain */,
				5B1A48DD249C440900F0BFDF /* Data */,
				5B1A48DC249C421200F0BFDF /* Resource */,
				5B1A48DB249C420800F0BFDF /* Logging */,
			);
			path = Pod;
			sourceTree = "<group>";
		};
		5B1A48C1249C3C3A00F0BFDF /* PodTests */ = {
			isa = PBXGroup;
			children = (
				5B1A48C2249C3C3A00F0BFDF /* PodTests.swift */,
				5B1A48C4249C3C3A00F0BFDF /* Info.plist */,
			);
			path = PodTests;
			sourceTree = "<group>";
		};
		5B1A48CC249C3C3A00F0BFDF /* PodUITests */ = {
			isa = PBXGroup;
			children = (
				5B1A48CD249C3C3A00F0BFDF /* PodUITests.swift */,
				5B1A48CF249C3C3A00F0BFDF /* Info.plist */,
			);
			path = PodUITests;
			sourceTree = "<group>";
		};
		5B1A48DB249C420800F0BFDF /* Logging */ = {
			isa = PBXGroup;
			children = (
				5B1A48E3249C45E600F0BFDF /* Logger.swift */,
			);
			path = Logging;
			sourceTree = "<group>";
		};
		5B1A48DC249C421200F0BFDF /* Resource */ = {
			isa = PBXGroup;
			children = (
				5B1A48B4249C3C3A00F0BFDF /* Assets.xcassets */,
				5B1A48B6249C3C3A00F0BFDF /* LaunchScreen.storyboard */,
				5B1A48B9249C3C3A00F0BFDF /* Info.plist */,
				5BF131FB24A2326300E1D94B /* Localizable.strings */,
			);
			path = Resource;
			sourceTree = "<group>";
		};
		5B1A48DD249C440900F0BFDF /* Data */ = {
			isa = PBXGroup;
			children = (
				5B1A48E7249C462A00F0BFDF /* SampleData */,
				5B1A48E6249C461000F0BFDF /* Repositories */,
				5B1A48E5249C460000F0BFDF /* DataMapping */,
			);
			path = Data;
			sourceTree = "<group>";
		};
		5B1A48DE249C449D00F0BFDF /* Domain */ = {
			isa = PBXGroup;
			children = (
				5B1A48EA249C464D00F0BFDF /* Entities */,
				5B1A48E9249C464300F0BFDF /* Use Cases */,
				5B1A48E8249C463800F0BFDF /* Interfaces */,
			);
			path = Domain;
			sourceTree = "<group>";
		};
		5B1A48DF249C44A500F0BFDF /* Presentation */ = {
			isa = PBXGroup;
			children = (
				5B64CF5D24AB07FE0074FEF7 /* SettingScene */,
				5BC3DFBB24AA284200BEDBEF /* BookmarkScene */,
				5B64CF1924A590800074FEF7 /* NewsDetailScene */,
				5B1A48EB249C466900F0BFDF /* MainScene */,
			);
			path = Presentation;
			sourceTree = "<group>";
		};
		5B1A48E0249C44AF00F0BFDF /* Application */ = {
			isa = PBXGroup;
			children = (
				5B1A48AB249C3C3800F0BFDF /* AppDelegate.swift */,
				5B1A4925249C5C2A00F0BFDF /* AppAppearance.swift */,
				5B1A4929249C60D200F0BFDF /* AppFlowCoordinator.swift */,
				5B1A492B249C610100F0BFDF /* AppDIContainer.swift */,
				5B1A48F0249C46B400F0BFDF /* DIcontainer */,
				5B1A48F1249C46C000F0BFDF /* Utils */,
				5B1A48EF249C46AD00F0BFDF /* Common */,
			);
			path = Application;
			sourceTree = "<group>";
		};
		5B1A48E5249C460000F0BFDF /* DataMapping */ = {
			isa = PBXGroup;
			children = (
				5B1A490A249C4DDE00F0BFDF /* TagResponseDTO+Mapping.swift */,
				5B1A4912249C4ECC00F0BFDF /* NewsResponseDTO+Mapping.swift */,
				5BC3DFE424ACC68200BEDBEF /* CommentResponseDTO+Mapping.swift */,
			);
			path = DataMapping;
			sourceTree = "<group>";
		};
		5B1A48E6249C461000F0BFDF /* Repositories */ = {
			isa = PBXGroup;
			children = (
				5B1A491D249C54A400F0BFDF /* FirestoreDAO.swift */,
				5B64CF5324A9E19A0074FEF7 /* RealmDAO.swift */,
			);
			path = Repositories;
			sourceTree = "<group>";
		};
		5B1A48E7249C462A00F0BFDF /* SampleData */ = {
			isa = PBXGroup;
			children = (
			);
			path = SampleData;
			sourceTree = "<group>";
		};
		5B1A48E8249C463800F0BFDF /* Interfaces */ = {
			isa = PBXGroup;
			children = (
				5B1A491B249C527600F0BFDF /* FirestoreRepository.swift */,
				5B64CF4F24A9D6460074FEF7 /* RealmRepository.swift */,
			);
			path = Interfaces;
			sourceTree = "<group>";
		};
		5B1A48E9249C464300F0BFDF /* Use Cases */ = {
			isa = PBXGroup;
			children = (
				5B1A491F249C551900F0BFDF /* FirestoreUseCase.swift */,
				5BC3DFB924AA155A00BEDBEF /* RealmUseCase.swift */,
			);
			path = "Use Cases";
			sourceTree = "<group>";
		};
		5B1A48EA249C464D00F0BFDF /* Entities */ = {
			isa = PBXGroup;
			children = (
				5B1A4910249C4E9F00F0BFDF /* Tag.swift */,
				5B1A4914249C4F1B00F0BFDF /* News.swift */,
				5B64CF4D24A9D52A0074FEF7 /* Bookmark.swift */,
				5BC3DFE624ACC6F600BEDBEF /* Comment.swift */,
			);
			path = Entities;
			sourceTree = "<group>";
		};
		5B1A48EB249C466900F0BFDF /* MainScene */ = {
			isa = PBXGroup;
			children = (
				5B1A48EE249C469700F0BFDF /* Flow */,
				5B1A48ED249C468E00F0BFDF /* ViewModel */,
				5B1A48EC249C467C00F0BFDF /* View */,
			);
			path = MainScene;
			sourceTree = "<group>";
		};
		5B1A48EC249C467C00F0BFDF /* View */ = {
			isa = PBXGroup;
			children = (
				5B64CF0E24A47EA20074FEF7 /* GestureIntro */,
				5BF131E624A192CE00E1D94B /* Cells */,
				5B1A4917249C4FCD00F0BFDF /* MainViewController.swift */,
				5B1A4919249C4FDA00F0BFDF /* MainViewController.storyboard */,
				5BF131EB24A1A28300E1D94B /* NewsCardView.swift */,
				5BF131ED24A1A28D00E1D94B /* NewsCardView.xib */,
			);
			path = View;
			sourceTree = "<group>";
		};
		5B1A48ED249C468E00F0BFDF /* ViewModel */ = {
			isa = PBXGroup;
			children = (
				5B1A4923249C57AF00F0BFDF /* MainViewModel.swift */,
				5BF131F724A213C100E1D94B /* MainNewsListViewModel.swift */,
			);
			path = ViewModel;
			sourceTree = "<group>";
		};
		5B1A48EE249C469700F0BFDF /* Flow */ = {
			isa = PBXGroup;
			children = (
				5B1A4921249C574B00F0BFDF /* MainFlowCoordinator.swift */,
			);
			path = Flow;
			sourceTree = "<group>";
		};
		5B1A48EF249C46AD00F0BFDF /* Common */ = {
			isa = PBXGroup;
			children = (
				5B1A490C249C4E0500F0BFDF /* ModelType.swift */,
				5B1A490E249C4E1600F0BFDF /* ViewModelType.swift */,
			);
			path = Common;
			sourceTree = "<group>";
		};
		5B1A48F0249C46B400F0BFDF /* DIcontainer */ = {
			isa = PBXGroup;
			children = (
				5B1A4927249C5CA000F0BFDF /* MainSceneDIContainer.swift */,
				5B64CF4724A9888A0074FEF7 /* NewsDetailSceneDIContainer.swift */,
				5BC3DFCE24AA2D9D00BEDBEF /* BookmarkSceneDIContainer.swift */,
				5B64CF6624AB0E4F0074FEF7 /* SettingSceneDIContainer.swift */,
			);
			path = DIcontainer;
			sourceTree = "<group>";
		};
		5B1A48F1249C46C000F0BFDF /* Utils */ = {
			isa = PBXGroup;
			children = (
				5B1A48F2249C478700F0BFDF /* Protocols */,
				5B1A48F9249C48DA00F0BFDF /* UIImageView+Kingfisher.swift */,
				5B1A48F7249C48A100F0BFDF /* UIColor.swift */,
				5B1A48FB249C490B00F0BFDF /* DetectDeinit.swift */,
				5B1A48FD249C492100F0BFDF /* ActivityIndicator.swift */,
				5B1A48FF249C494500F0BFDF /* ErrorTracker.swift */,
				5B1A4901249C496100F0BFDF /* Observable+Ext.swift */,
				5B1A4903249C498000F0BFDF /* BaseViewController.swift */,
				5BF131E924A1A21500E1D94B /* UIView+Ext.swift */,
				5BF131F124A1A32A00E1D94B /* BorderUIView.swift */,
				5BF131F324A1A40600E1D94B /* CustomGradientView.swift */,
				5BF131F524A2116200E1D94B /* RxKolodaDelegateProxy.swift */,
				5BF131F924A231CA00E1D94B /* String+Ext.swift */,
				5B64CF1124A57C270074FEF7 /* BorderUIButton.swift */,
				5B64CF1324A581690074FEF7 /* UserDefaultsManagement.swift */,
				5B64CF1524A587540074FEF7 /* UILabel+Ext.swift */,
				5B64CF1724A58BC10074FEF7 /* UIViewController+StatusBar.swift */,
				5B64CF4924A9BA540074FEF7 /* ToastView.swift */,
				5B64CF4B24A9C7DF0074FEF7 /* Image.swift */,
				5B64CF5124A9DBF30074FEF7 /* Realm+Ext.swift */,
				5B64CF5524A9E1FA0074FEF7 /* RunLoopThreadScheduler.swift */,
				5BC3DFCC24AA2AC500BEDBEF /* BorderUIImageView.swift */,
				5BC3DFD224AB6E9C00BEDBEF /* Utility.swift */,
				5BC3DFE024ACC0BD00BEDBEF /* RxTextFieldDelegateProxy.swift */,
				5BC3DFE224ACC11C00BEDBEF /* UITextField+Rx.swift */,
				5BC3DFEE24ACD87500BEDBEF /* UITableView.swift */,
			);
			path = Utils;
			sourceTree = "<group>";
		};
		5B1A48F2249C478700F0BFDF /* Protocols */ = {
			isa = PBXGroup;
			children = (
				5B1A48F3249C479E00F0BFDF /* Alertable.swift */,
				5B1A48F5249C47B500F0BFDF /* StoryboardInstantiable.swift */,
			);
			path = Protocols;
			sourceTree = "<group>";
		};
		5B64CF0E24A47EA20074FEF7 /* GestureIntro */ = {
			isa = PBXGroup;
			children = (
				5B64CF0C24A47E9A0074FEF7 /* GestureIntroViewController.storyboard */,
				5B64CF0F24A47EC00074FEF7 /* GestureIntroViewController.swift */,
			);
			path = GestureIntro;
			sourceTree = "<group>";
		};
		5B64CF1924A590800074FEF7 /* NewsDetailScene */ = {
			isa = PBXGroup;
			children = (
				5B64CF1C24A590980074FEF7 /* Flow */,
				5B64CF1B24A590930074FEF7 /* ViewModel */,
				5B64CF1A24A5908D0074FEF7 /* View */,
			);
			path = NewsDetailScene;
			sourceTree = "<group>";
		};
		5B64CF1A24A5908D0074FEF7 /* View */ = {
			isa = PBXGroup;
			children = (
				5B92442B24AC4E7E00E58FDC /* Comment */,
				5B64CF2124A591C70074FEF7 /* NewsDetailViewController.swift */,
				5B64CF2324A591CF0074FEF7 /* NewsDetailViewController.storyboard */,
			);
			path = View;
			sourceTree = "<group>";
		};
		5B64CF1B24A590930074FEF7 /* ViewModel */ = {
			isa = PBXGroup;
			children = (
				5B92443024AC4F0C00E58FDC /* Comment */,
				5B64CF1F24A591A00074FEF7 /* NewsDetailViewModel.swift */,
			);
			path = ViewModel;
			sourceTree = "<group>";
		};
		5B64CF1C24A590980074FEF7 /* Flow */ = {
			isa = PBXGroup;
			children = (
				5B64CF1D24A591900074FEF7 /* NewsDetailCoordinator.swift */,
			);
			path = Flow;
			sourceTree = "<group>";
		};
		5B64CF5D24AB07FE0074FEF7 /* SettingScene */ = {
			isa = PBXGroup;
			children = (
				5B64CF5F24AB08410074FEF7 /* Flow */,
				5B64CF5E24AB08380074FEF7 /* View */,
			);
			path = SettingScene;
			sourceTree = "<group>";
		};
		5B64CF5E24AB08380074FEF7 /* View */ = {
			isa = PBXGroup;
			children = (
				5B64CF6224AB09950074FEF7 /* SettingViewController.swift */,
				5B64CF6024AB09870074FEF7 /* SettingViewController.storyboard */,
			);
			path = View;
			sourceTree = "<group>";
		};
		5B64CF5F24AB08410074FEF7 /* Flow */ = {
			isa = PBXGroup;
			children = (
				5B64CF6424AB0D300074FEF7 /* SettingCoordinator.swift */,
			);
			path = Flow;
			sourceTree = "<group>";
		};
		5B92442B24AC4E7E00E58FDC /* Comment */ = {
			isa = PBXGroup;
			children = (
				5B92443124AC530B00E58FDC /* Cells */,
				5B92442C24AC4E9100E58FDC /* CommentViewController.storyboard */,
				5B92442E24AC4E9C00E58FDC /* CommentViewController.swift */,
			);
			path = Comment;
			sourceTree = "<group>";
		};
		5B92443024AC4F0C00E58FDC /* Comment */ = {
			isa = PBXGroup;
			children = (
				5B92443424AC6FE100E58FDC /* CommentViewModel.swift */,
				5BC3DFE824ACC86C00BEDBEF /* CommentListItemViewModel.swift */,
			);
			path = Comment;
			sourceTree = "<group>";
		};
		5B92443124AC530B00E58FDC /* Cells */ = {
			isa = PBXGroup;
			children = (
				5B92443224AC532600E58FDC /* CommentCell.swift */,
			);
			path = Cells;
			sourceTree = "<group>";
		};
		5BC3DFBB24AA284200BEDBEF /* BookmarkScene */ = {
			isa = PBXGroup;
			children = (
				5BC3DFBE24AA291E00BEDBEF /* Flow */,
				5BC3DFBD24AA291A00BEDBEF /* ViewModel */,
				5BC3DFBC24AA291100BEDBEF /* View */,
			);
			path = BookmarkScene;
			sourceTree = "<group>";
		};
		5BC3DFBC24AA291100BEDBEF /* View */ = {
			isa = PBXGroup;
			children = (
				5BC3DFC724AA2A3300BEDBEF /* Cells */,
				5BC3DFC124AA295900BEDBEF /* BookmarkViewController.swift */,
				5BC3DFBF24AA294A00BEDBEF /* BookmarkViewController.storyboard */,
			);
			path = View;
			sourceTree = "<group>";
		};
		5BC3DFBD24AA291A00BEDBEF /* ViewModel */ = {
			isa = PBXGroup;
			children = (
				5BC3DFC324AA296900BEDBEF /* BookmarkViewModel.swift */,
				5BC3DFD024AA348900BEDBEF /* BookmarkListItemViewModel.swift */,
			);
			path = ViewModel;
			sourceTree = "<group>";
		};
		5BC3DFBE24AA291E00BEDBEF /* Flow */ = {
			isa = PBXGroup;
			children = (
				5BC3DFC524AA298000BEDBEF /* BookmarkCoordinator.swift */,
			);
			path = Flow;
			sourceTree = "<group>";
		};
		5BC3DFC724AA2A3300BEDBEF /* Cells */ = {
			isa = PBXGroup;
			children = (
				5BC3DFC824AA2A4A00BEDBEF /* BookmarkCell.swift */,
			);
			path = Cells;
			sourceTree = "<group>";
		};
		5BF131E624A192CE00E1D94B /* Cells */ = {
			isa = PBXGroup;
			children = (
				5BF131E724A192E700E1D94B /* TagCell.swift */,
			);
			path = Cells;
			sourceTree = "<group>";
		};
/* End PBXGroup section */

/* Begin PBXNativeTarget section */
		5B1A48A7249C3C3800F0BFDF /* Pod */ = {
			isa = PBXNativeTarget;
			buildConfigurationList = 5B1A48D2249C3C3A00F0BFDF /* Build configuration list for PBXNativeTarget "Pod" */;
			buildPhases = (
				198D6CE0814CDB94FB6975B4 /* [CP] Check Pods Manifest.lock */,
				5B1A48A4249C3C3800F0BFDF /* Sources */,
				5B1A48A5249C3C3800F0BFDF /* Frameworks */,
				5B1A48A6249C3C3800F0BFDF /* Resources */,
				772E9251D0FD1B46D6101588 /* [CP] Embed Pods Frameworks */,
				5B1A4907249C49CE00F0BFDF /* ShellScript */,
			);
			buildRules = (
			);
			dependencies = (
			);
			name = Pod;
			productName = Pod;
			productReference = 5B1A48A8249C3C3800F0BFDF /* Pod.app */;
			productType = "com.apple.product-type.application";
		};
		5B1A48BD249C3C3A00F0BFDF /* PodTests */ = {
			isa = PBXNativeTarget;
			buildConfigurationList = 5B1A48D5249C3C3A00F0BFDF /* Build configuration list for PBXNativeTarget "PodTests" */;
			buildPhases = (
				5D2CCE7CB09280CE032DFC48 /* [CP] Check Pods Manifest.lock */,
				5B1A48BA249C3C3A00F0BFDF /* Sources */,
				5B1A48BB249C3C3A00F0BFDF /* Frameworks */,
				5B1A48BC249C3C3A00F0BFDF /* Resources */,
				9116864945A615B64124F780 /* [CP] Embed Pods Frameworks */,
			);
			buildRules = (
			);
			dependencies = (
				5B1A48C0249C3C3A00F0BFDF /* PBXTargetDependency */,
			);
			name = PodTests;
			productName = PodTests;
			productReference = 5B1A48BE249C3C3A00F0BFDF /* PodTests.xctest */;
			productType = "com.apple.product-type.bundle.unit-test";
		};
		5B1A48C8249C3C3A00F0BFDF /* PodUITests */ = {
			isa = PBXNativeTarget;
			buildConfigurationList = 5B1A48D8249C3C3A00F0BFDF /* Build configuration list for PBXNativeTarget "PodUITests" */;
			buildPhases = (
				5FD4E4C1BDEC45424CD78F77 /* [CP] Check Pods Manifest.lock */,
				5B1A48C5249C3C3A00F0BFDF /* Sources */,
				5B1A48C6249C3C3A00F0BFDF /* Frameworks */,
				5B1A48C7249C3C3A00F0BFDF /* Resources */,
				2E5BE34EFA641BDF84096712 /* [CP] Embed Pods Frameworks */,
			);
			buildRules = (
			);
			dependencies = (
				5B1A48CB249C3C3A00F0BFDF /* PBXTargetDependency */,
			);
			name = PodUITests;
			productName = PodUITests;
			productReference = 5B1A48C9249C3C3A00F0BFDF /* PodUITests.xctest */;
			productType = "com.apple.product-type.bundle.ui-testing";
		};
/* End PBXNativeTarget section */

/* Begin PBXProject section */
		5B1A48A0249C3C3800F0BFDF /* Project object */ = {
			isa = PBXProject;
			attributes = {
				LastSwiftUpdateCheck = 1140;
				LastUpgradeCheck = 1140;
				ORGANIZATIONNAME = Gunter;
				TargetAttributes = {
					5B1A48A7249C3C3800F0BFDF = {
						CreatedOnToolsVersion = 11.4;
					};
					5B1A48BD249C3C3A00F0BFDF = {
						CreatedOnToolsVersion = 11.4;
						TestTargetID = 5B1A48A7249C3C3800F0BFDF;
					};
					5B1A48C8249C3C3A00F0BFDF = {
						CreatedOnToolsVersion = 11.4;
						TestTargetID = 5B1A48A7249C3C3800F0BFDF;
					};
				};
			};
			buildConfigurationList = 5B1A48A3249C3C3800F0BFDF /* Build configuration list for PBXProject "Pod" */;
			compatibilityVersion = "Xcode 9.3";
			developmentRegion = en;
			hasScannedForEncodings = 0;
			knownRegions = (
				en,
				Base,
			);
			mainGroup = 5B1A489F249C3C3800F0BFDF;
			productRefGroup = 5B1A48A9249C3C3800F0BFDF /* Products */;
			projectDirPath = "";
			projectRoot = "";
			targets = (
				5B1A48A7249C3C3800F0BFDF /* Pod */,
				5B1A48BD249C3C3A00F0BFDF /* PodTests */,
				5B1A48C8249C3C3A00F0BFDF /* PodUITests */,
			);
		};
/* End PBXProject section */

/* Begin PBXResourcesBuildPhase section */
		5B1A48A6249C3C3800F0BFDF /* Resources */ = {
			isa = PBXResourcesBuildPhase;
			buildActionMask = 2147483647;
			files = (
				5BC3DFDF24ACB58F00BEDBEF /* GoogleService-Info.plist in Resources */,
				5B64CF2424A591CF0074FEF7 /* NewsDetailViewController.storyboard in Resources */,
				5B64CF6124AB09870074FEF7 /* SettingViewController.storyboard in Resources */,
				5B1A491A249C4FDA00F0BFDF /* MainViewController.storyboard in Resources */,
				5B1A4906249C49A600F0BFDF /* .swiftlint.yml in Resources */,
				5BC3DFC024AA294A00BEDBEF /* BookmarkViewController.storyboard in Resources */,
				5B92442D24AC4E9100E58FDC /* CommentViewController.storyboard in Resources */,
				5BF131FC24A2326300E1D94B /* Localizable.strings in Resources */,
				5B1A48B8249C3C3A00F0BFDF /* LaunchScreen.storyboard in Resources */,
				5B1A48B5249C3C3A00F0BFDF /* Assets.xcassets in Resources */,
				5B64CF0D24A47E9A0074FEF7 /* GestureIntroViewController.storyboard in Resources */,
				5BF131EE24A1A28D00E1D94B /* NewsCardView.xib in Resources */,
			);
			runOnlyForDeploymentPostprocessing = 0;
		};
		5B1A48BC249C3C3A00F0BFDF /* Resources */ = {
			isa = PBXResourcesBuildPhase;
			buildActionMask = 2147483647;
			files = (
			);
			runOnlyForDeploymentPostprocessing = 0;
		};
		5B1A48C7249C3C3A00F0BFDF /* Resources */ = {
			isa = PBXResourcesBuildPhase;
			buildActionMask = 2147483647;
			files = (
			);
			runOnlyForDeploymentPostprocessing = 0;
		};
/* End PBXResourcesBuildPhase section */

/* Begin PBXShellScriptBuildPhase section */
		198D6CE0814CDB94FB6975B4 /* [CP] Check Pods Manifest.lock */ = {
			isa = PBXShellScriptBuildPhase;
			buildActionMask = 2147483647;
			files = (
			);
			inputFileListPaths = (
			);
			inputPaths = (
				"${PODS_PODFILE_DIR_PATH}/Podfile.lock",
				"${PODS_ROOT}/Manifest.lock",
			);
			name = "[CP] Check Pods Manifest.lock";
			outputFileListPaths = (
			);
			outputPaths = (
				"$(DERIVED_FILE_DIR)/Pods-Pod-checkManifestLockResult.txt",
			);
			runOnlyForDeploymentPostprocessing = 0;
			shellPath = /bin/sh;
			shellScript = "diff \"${PODS_PODFILE_DIR_PATH}/Podfile.lock\" \"${PODS_ROOT}/Manifest.lock\" > /dev/null\nif [ $? != 0 ] ; then\n    # print error to STDERR\n    echo \"error: The sandbox is not in sync with the Podfile.lock. Run 'pod install' or update your CocoaPods installation.\" >&2\n    exit 1\nfi\n# This output is used by Xcode 'outputs' to avoid re-running this script phase.\necho \"SUCCESS\" > \"${SCRIPT_OUTPUT_FILE_0}\"\n";
			showEnvVarsInLog = 0;
		};
		2E5BE34EFA641BDF84096712 /* [CP] Embed Pods Frameworks */ = {
			isa = PBXShellScriptBuildPhase;
			buildActionMask = 2147483647;
			files = (
			);
			inputFileListPaths = (
				"${PODS_ROOT}/Target Support Files/Pods-Pod-PodUITests/Pods-Pod-PodUITests-frameworks-${CONFIGURATION}-input-files.xcfilelist",
			);
			name = "[CP] Embed Pods Frameworks";
			outputFileListPaths = (
				"${PODS_ROOT}/Target Support Files/Pods-Pod-PodUITests/Pods-Pod-PodUITests-frameworks-${CONFIGURATION}-output-files.xcfilelist",
			);
			runOnlyForDeploymentPostprocessing = 0;
			shellPath = /bin/sh;
			shellScript = "\"${PODS_ROOT}/Target Support Files/Pods-Pod-PodUITests/Pods-Pod-PodUITests-frameworks.sh\"\n";
			showEnvVarsInLog = 0;
		};
		5B1A4907249C49CE00F0BFDF /* ShellScript */ = {
			isa = PBXShellScriptBuildPhase;
			buildActionMask = 2147483647;
			files = (
			);
			inputFileListPaths = (
			);
			inputPaths = (
			);
			outputFileListPaths = (
			);
			outputPaths = (
			);
			runOnlyForDeploymentPostprocessing = 0;
			shellPath = /bin/sh;
			shellScript = "${PODS_ROOT}/SwiftLint/swiftlint\n";
		};
		5D2CCE7CB09280CE032DFC48 /* [CP] Check Pods Manifest.lock */ = {
			isa = PBXShellScriptBuildPhase;
			buildActionMask = 2147483647;
			files = (
			);
			inputFileListPaths = (
			);
			inputPaths = (
				"${PODS_PODFILE_DIR_PATH}/Podfile.lock",
				"${PODS_ROOT}/Manifest.lock",
			);
			name = "[CP] Check Pods Manifest.lock";
			outputFileListPaths = (
			);
			outputPaths = (
				"$(DERIVED_FILE_DIR)/Pods-PodTests-checkManifestLockResult.txt",
			);
			runOnlyForDeploymentPostprocessing = 0;
			shellPath = /bin/sh;
			shellScript = "diff \"${PODS_PODFILE_DIR_PATH}/Podfile.lock\" \"${PODS_ROOT}/Manifest.lock\" > /dev/null\nif [ $? != 0 ] ; then\n    # print error to STDERR\n    echo \"error: The sandbox is not in sync with the Podfile.lock. Run 'pod install' or update your CocoaPods installation.\" >&2\n    exit 1\nfi\n# This output is used by Xcode 'outputs' to avoid re-running this script phase.\necho \"SUCCESS\" > \"${SCRIPT_OUTPUT_FILE_0}\"\n";
			showEnvVarsInLog = 0;
		};
		5FD4E4C1BDEC45424CD78F77 /* [CP] Check Pods Manifest.lock */ = {
			isa = PBXShellScriptBuildPhase;
			buildActionMask = 2147483647;
			files = (
			);
			inputFileListPaths = (
			);
			inputPaths = (
				"${PODS_PODFILE_DIR_PATH}/Podfile.lock",
				"${PODS_ROOT}/Manifest.lock",
			);
			name = "[CP] Check Pods Manifest.lock";
			outputFileListPaths = (
			);
			outputPaths = (
				"$(DERIVED_FILE_DIR)/Pods-Pod-PodUITests-checkManifestLockResult.txt",
			);
			runOnlyForDeploymentPostprocessing = 0;
			shellPath = /bin/sh;
			shellScript = "diff \"${PODS_PODFILE_DIR_PATH}/Podfile.lock\" \"${PODS_ROOT}/Manifest.lock\" > /dev/null\nif [ $? != 0 ] ; then\n    # print error to STDERR\n    echo \"error: The sandbox is not in sync with the Podfile.lock. Run 'pod install' or update your CocoaPods installation.\" >&2\n    exit 1\nfi\n# This output is used by Xcode 'outputs' to avoid re-running this script phase.\necho \"SUCCESS\" > \"${SCRIPT_OUTPUT_FILE_0}\"\n";
			showEnvVarsInLog = 0;
		};
		772E9251D0FD1B46D6101588 /* [CP] Embed Pods Frameworks */ = {
			isa = PBXShellScriptBuildPhase;
			buildActionMask = 2147483647;
			files = (
			);
			inputFileListPaths = (
				"${PODS_ROOT}/Target Support Files/Pods-Pod/Pods-Pod-frameworks-${CONFIGURATION}-input-files.xcfilelist",
			);
			name = "[CP] Embed Pods Frameworks";
			outputFileListPaths = (
				"${PODS_ROOT}/Target Support Files/Pods-Pod/Pods-Pod-frameworks-${CONFIGURATION}-output-files.xcfilelist",
			);
			runOnlyForDeploymentPostprocessing = 0;
			shellPath = /bin/sh;
			shellScript = "\"${PODS_ROOT}/Target Support Files/Pods-Pod/Pods-Pod-frameworks.sh\"\n";
			showEnvVarsInLog = 0;
		};
		9116864945A615B64124F780 /* [CP] Embed Pods Frameworks */ = {
			isa = PBXShellScriptBuildPhase;
			buildActionMask = 2147483647;
			files = (
			);
			inputFileListPaths = (
				"${PODS_ROOT}/Target Support Files/Pods-PodTests/Pods-PodTests-frameworks-${CONFIGURATION}-input-files.xcfilelist",
			);
			name = "[CP] Embed Pods Frameworks";
			outputFileListPaths = (
				"${PODS_ROOT}/Target Support Files/Pods-PodTests/Pods-PodTests-frameworks-${CONFIGURATION}-output-files.xcfilelist",
			);
			runOnlyForDeploymentPostprocessing = 0;
			shellPath = /bin/sh;
			shellScript = "\"${PODS_ROOT}/Target Support Files/Pods-PodTests/Pods-PodTests-frameworks.sh\"\n";
			showEnvVarsInLog = 0;
		};
/* End PBXShellScriptBuildPhase section */

/* Begin PBXSourcesBuildPhase section */
		5B1A48A4249C3C3800F0BFDF /* Sources */ = {
			isa = PBXSourcesBuildPhase;
			buildActionMask = 2147483647;
			files = (
				5B92443324AC532600E58FDC /* CommentCell.swift in Sources */,
				5B64CF2024A591A00074FEF7 /* NewsDetailViewModel.swift in Sources */,
				5BF131E824A192E700E1D94B /* TagCell.swift in Sources */,
				5B1A48FA249C48DA00F0BFDF /* UIImageView+Kingfisher.swift in Sources */,
				5B1A48FC249C490B00F0BFDF /* DetectDeinit.swift in Sources */,
				5BC3DFEF24ACD87500BEDBEF /* UITableView.swift in Sources */,
				5B1A4913249C4ECC00F0BFDF /* NewsResponseDTO+Mapping.swift in Sources */,
				5B1A4904249C498000F0BFDF /* BaseViewController.swift in Sources */,
				5B1A491C249C527600F0BFDF /* FirestoreRepository.swift in Sources */,
				5BC3DFE924ACC86C00BEDBEF /* CommentListItemViewModel.swift in Sources */,
				5BC3DFE524ACC68200BEDBEF /* CommentResponseDTO+Mapping.swift in Sources */,
				5B1A4922249C574B00F0BFDF /* MainFlowCoordinator.swift in Sources */,
				5B92442F24AC4E9C00E58FDC /* CommentViewController.swift in Sources */,
				5B1A48F4249C479E00F0BFDF /* Alertable.swift in Sources */,
				5BC3DFCD24AA2AC500BEDBEF /* BorderUIImageView.swift in Sources */,
				5BF131FA24A231CB00E1D94B /* String+Ext.swift in Sources */,
				5B64CF5624A9E1FA0074FEF7 /* RunLoopThreadScheduler.swift in Sources */,
				5B64CF1E24A591900074FEF7 /* NewsDetailCoordinator.swift in Sources */,
				5BF131F824A213C100E1D94B /* MainNewsListViewModel.swift in Sources */,
				5BC3DFD124AA348900BEDBEF /* BookmarkListItemViewModel.swift in Sources */,
				5B1A490B249C4DDE00F0BFDF /* TagResponseDTO+Mapping.swift in Sources */,
				5B1A492C249C610100F0BFDF /* AppDIContainer.swift in Sources */,
				5BC3DFC624AA298000BEDBEF /* BookmarkCoordinator.swift in Sources */,
				5B1A48AC249C3C3800F0BFDF /* AppDelegate.swift in Sources */,
				5B1A490F249C4E1600F0BFDF /* ViewModelType.swift in Sources */,
				5B64CF1024A47EC00074FEF7 /* GestureIntroViewController.swift in Sources */,
				5B64CF5024A9D6460074FEF7 /* RealmRepository.swift in Sources */,
				5BC3DFBA24AA155A00BEDBEF /* RealmUseCase.swift in Sources */,
				5B1A4902249C496100F0BFDF /* Observable+Ext.swift in Sources */,
				5B92443524AC6FE100E58FDC /* CommentViewModel.swift in Sources */,
				5B64CF4E24A9D52A0074FEF7 /* Bookmark.swift in Sources */,
				5B64CF5424A9E19A0074FEF7 /* RealmDAO.swift in Sources */,
				5BC3DFCF24AA2D9D00BEDBEF /* BookmarkSceneDIContainer.swift in Sources */,
				5B64CF1824A58BC10074FEF7 /* UIViewController+StatusBar.swift in Sources */,
				5B1A4920249C551900F0BFDF /* FirestoreUseCase.swift in Sources */,
				5B64CF6524AB0D300074FEF7 /* SettingCoordinator.swift in Sources */,
				5B1A4900249C494500F0BFDF /* ErrorTracker.swift in Sources */,
				5BF131EC24A1A28300E1D94B /* NewsCardView.swift in Sources */,
				5BC3DFC224AA295A00BEDBEF /* BookmarkViewController.swift in Sources */,
				5B64CF1224A57C270074FEF7 /* BorderUIButton.swift in Sources */,
				5BF131EA24A1A21500E1D94B /* UIView+Ext.swift in Sources */,
				5B1A48FE249C492100F0BFDF /* ActivityIndicator.swift in Sources */,
				5BC3DFE324ACC11C00BEDBEF /* UITextField+Rx.swift in Sources */,
				5B64CF6324AB09950074FEF7 /* SettingViewController.swift in Sources */,
				5B64CF4C24A9C7DF0074FEF7 /* Image.swift in Sources */,
				5B1A492A249C60D200F0BFDF /* AppFlowCoordinator.swift in Sources */,
				5B64CF4824A9888A0074FEF7 /* NewsDetailSceneDIContainer.swift in Sources */,
				5BC3DFE724ACC6F600BEDBEF /* Comment.swift in Sources */,
				5B64CF5224A9DBF30074FEF7 /* Realm+Ext.swift in Sources */,
				5B1A48F6249C47B500F0BFDF /* StoryboardInstantiable.swift in Sources */,
				5B64CF2224A591C70074FEF7 /* NewsDetailViewController.swift in Sources */,
				5BF131F224A1A32A00E1D94B /* BorderUIView.swift in Sources */,
				5B1A4926249C5C2A00F0BFDF /* AppAppearance.swift in Sources */,
				5B1A48E4249C45E600F0BFDF /* Logger.swift in Sources */,
				5BF131F424A1A40600E1D94B /* CustomGradientView.swift in Sources */,
				5B1A4928249C5CA000F0BFDF /* MainSceneDIContainer.swift in Sources */,
				5BC3DFC924AA2A4A00BEDBEF /* BookmarkCell.swift in Sources */,
				5B64CF4A24A9BA540074FEF7 /* ToastView.swift in Sources */,
				5B64CF1424A581690074FEF7 /* UserDefaultsManagement.swift in Sources */,
				5B1A4911249C4E9F00F0BFDF /* Tag.swift in Sources */,
				5B1A490D249C4E0500F0BFDF /* ModelType.swift in Sources */,
				5B1A491E249C54A400F0BFDF /* FirestoreDAO.swift in Sources */,
				5B1A4918249C4FCD00F0BFDF /* MainViewController.swift in Sources */,
				5BC3DFC424AA296900BEDBEF /* BookmarkViewModel.swift in Sources */,
				5BC3DFD324AB6E9C00BEDBEF /* Utility.swift in Sources */,
				5B64CF1624A587540074FEF7 /* UILabel+Ext.swift in Sources */,
				5B1A4915249C4F1B00F0BFDF /* News.swift in Sources */,
				5B1A4924249C57AF00F0BFDF /* MainViewModel.swift in Sources */,
				5BF131F624A2116200E1D94B /* RxKolodaDelegateProxy.swift in Sources */,
				5BC3DFE124ACC0BD00BEDBEF /* RxTextFieldDelegateProxy.swift in Sources */,
				5B64CF6724AB0E4F0074FEF7 /* SettingSceneDIContainer.swift in Sources */,
				5B1A48F8249C48A100F0BFDF /* UIColor.swift in Sources */,
			);
			runOnlyForDeploymentPostprocessing = 0;
		};
		5B1A48BA249C3C3A00F0BFDF /* Sources */ = {
			isa = PBXSourcesBuildPhase;
			buildActionMask = 2147483647;
			files = (
				5B1A48C3249C3C3A00F0BFDF /* PodTests.swift in Sources */,
			);
			runOnlyForDeploymentPostprocessing = 0;
		};
		5B1A48C5249C3C3A00F0BFDF /* Sources */ = {
			isa = PBXSourcesBuildPhase;
			buildActionMask = 2147483647;
			files = (
				5B1A48CE249C3C3A00F0BFDF /* PodUITests.swift in Sources */,
			);
			runOnlyForDeploymentPostprocessing = 0;
		};
/* End PBXSourcesBuildPhase section */

/* Begin PBXTargetDependency section */
		5B1A48C0249C3C3A00F0BFDF /* PBXTargetDependency */ = {
			isa = PBXTargetDependency;
			target = 5B1A48A7249C3C3800F0BFDF /* Pod */;
			targetProxy = 5B1A48BF249C3C3A00F0BFDF /* PBXContainerItemProxy */;
		};
		5B1A48CB249C3C3A00F0BFDF /* PBXTargetDependency */ = {
			isa = PBXTargetDependency;
			target = 5B1A48A7249C3C3800F0BFDF /* Pod */;
			targetProxy = 5B1A48CA249C3C3A00F0BFDF /* PBXContainerItemProxy */;
		};
/* End PBXTargetDependency section */

/* Begin PBXVariantGroup section */
		5B1A48B6249C3C3A00F0BFDF /* LaunchScreen.storyboard */ = {
			isa = PBXVariantGroup;
			children = (
				5B1A48B7249C3C3A00F0BFDF /* Base */,
			);
			name = LaunchScreen.storyboard;
			sourceTree = "<group>";
		};
/* End PBXVariantGroup section */

/* Begin XCBuildConfiguration section */
		5B1A48D0249C3C3A00F0BFDF /* Debug */ = {
			isa = XCBuildConfiguration;
			buildSettings = {
				ALWAYS_SEARCH_USER_PATHS = NO;
				CLANG_ANALYZER_NONNULL = YES;
				CLANG_ANALYZER_NUMBER_OBJECT_CONVERSION = YES_AGGRESSIVE;
				CLANG_CXX_LANGUAGE_STANDARD = "gnu++14";
				CLANG_CXX_LIBRARY = "libc++";
				CLANG_ENABLE_MODULES = YES;
				CLANG_ENABLE_OBJC_ARC = YES;
				CLANG_ENABLE_OBJC_WEAK = YES;
				CLANG_WARN_BLOCK_CAPTURE_AUTORELEASING = YES;
				CLANG_WARN_BOOL_CONVERSION = YES;
				CLANG_WARN_COMMA = YES;
				CLANG_WARN_CONSTANT_CONVERSION = YES;
				CLANG_WARN_DEPRECATED_OBJC_IMPLEMENTATIONS = YES;
				CLANG_WARN_DIRECT_OBJC_ISA_USAGE = YES_ERROR;
				CLANG_WARN_DOCUMENTATION_COMMENTS = YES;
				CLANG_WARN_EMPTY_BODY = YES;
				CLANG_WARN_ENUM_CONVERSION = YES;
				CLANG_WARN_INFINITE_RECURSION = YES;
				CLANG_WARN_INT_CONVERSION = YES;
				CLANG_WARN_NON_LITERAL_NULL_CONVERSION = YES;
				CLANG_WARN_OBJC_IMPLICIT_RETAIN_SELF = YES;
				CLANG_WARN_OBJC_LITERAL_CONVERSION = YES;
				CLANG_WARN_OBJC_ROOT_CLASS = YES_ERROR;
				CLANG_WARN_RANGE_LOOP_ANALYSIS = YES;
				CLANG_WARN_STRICT_PROTOTYPES = YES;
				CLANG_WARN_SUSPICIOUS_MOVE = YES;
				CLANG_WARN_UNGUARDED_AVAILABILITY = YES_AGGRESSIVE;
				CLANG_WARN_UNREACHABLE_CODE = YES;
				CLANG_WARN__DUPLICATE_METHOD_MATCH = YES;
				COPY_PHASE_STRIP = NO;
				DEBUG_INFORMATION_FORMAT = dwarf;
				ENABLE_STRICT_OBJC_MSGSEND = YES;
				ENABLE_TESTABILITY = YES;
				GCC_C_LANGUAGE_STANDARD = gnu11;
				GCC_DYNAMIC_NO_PIC = NO;
				GCC_NO_COMMON_BLOCKS = YES;
				GCC_OPTIMIZATION_LEVEL = 0;
				GCC_PREPROCESSOR_DEFINITIONS = (
					"DEBUG=1",
					"$(inherited)",
				);
				GCC_WARN_64_TO_32_BIT_CONVERSION = YES;
				GCC_WARN_ABOUT_RETURN_TYPE = YES_ERROR;
				GCC_WARN_UNDECLARED_SELECTOR = YES;
				GCC_WARN_UNINITIALIZED_AUTOS = YES_AGGRESSIVE;
				GCC_WARN_UNUSED_FUNCTION = YES;
				GCC_WARN_UNUSED_VARIABLE = YES;
				IPHONEOS_DEPLOYMENT_TARGET = 13.4;
				MTL_ENABLE_DEBUG_INFO = INCLUDE_SOURCE;
				MTL_FAST_MATH = YES;
				ONLY_ACTIVE_ARCH = YES;
				SDKROOT = iphoneos;
				SWIFT_ACTIVE_COMPILATION_CONDITIONS = DEBUG;
				SWIFT_OPTIMIZATION_LEVEL = "-Onone";
			};
			name = Debug;
		};
		5B1A48D1249C3C3A00F0BFDF /* Release */ = {
			isa = XCBuildConfiguration;
			buildSettings = {
				ALWAYS_SEARCH_USER_PATHS = NO;
				CLANG_ANALYZER_NONNULL = YES;
				CLANG_ANALYZER_NUMBER_OBJECT_CONVERSION = YES_AGGRESSIVE;
				CLANG_CXX_LANGUAGE_STANDARD = "gnu++14";
				CLANG_CXX_LIBRARY = "libc++";
				CLANG_ENABLE_MODULES = YES;
				CLANG_ENABLE_OBJC_ARC = YES;
				CLANG_ENABLE_OBJC_WEAK = YES;
				CLANG_WARN_BLOCK_CAPTURE_AUTORELEASING = YES;
				CLANG_WARN_BOOL_CONVERSION = YES;
				CLANG_WARN_COMMA = YES;
				CLANG_WARN_CONSTANT_CONVERSION = YES;
				CLANG_WARN_DEPRECATED_OBJC_IMPLEMENTATIONS = YES;
				CLANG_WARN_DIRECT_OBJC_ISA_USAGE = YES_ERROR;
				CLANG_WARN_DOCUMENTATION_COMMENTS = YES;
				CLANG_WARN_EMPTY_BODY = YES;
				CLANG_WARN_ENUM_CONVERSION = YES;
				CLANG_WARN_INFINITE_RECURSION = YES;
				CLANG_WARN_INT_CONVERSION = YES;
				CLANG_WARN_NON_LITERAL_NULL_CONVERSION = YES;
				CLANG_WARN_OBJC_IMPLICIT_RETAIN_SELF = YES;
				CLANG_WARN_OBJC_LITERAL_CONVERSION = YES;
				CLANG_WARN_OBJC_ROOT_CLASS = YES_ERROR;
				CLANG_WARN_RANGE_LOOP_ANALYSIS = YES;
				CLANG_WARN_STRICT_PROTOTYPES = YES;
				CLANG_WARN_SUSPICIOUS_MOVE = YES;
				CLANG_WARN_UNGUARDED_AVAILABILITY = YES_AGGRESSIVE;
				CLANG_WARN_UNREACHABLE_CODE = YES;
				CLANG_WARN__DUPLICATE_METHOD_MATCH = YES;
				COPY_PHASE_STRIP = NO;
				DEBUG_INFORMATION_FORMAT = "dwarf-with-dsym";
				ENABLE_NS_ASSERTIONS = NO;
				ENABLE_STRICT_OBJC_MSGSEND = YES;
				GCC_C_LANGUAGE_STANDARD = gnu11;
				GCC_NO_COMMON_BLOCKS = YES;
				GCC_WARN_64_TO_32_BIT_CONVERSION = YES;
				GCC_WARN_ABOUT_RETURN_TYPE = YES_ERROR;
				GCC_WARN_UNDECLARED_SELECTOR = YES;
				GCC_WARN_UNINITIALIZED_AUTOS = YES_AGGRESSIVE;
				GCC_WARN_UNUSED_FUNCTION = YES;
				GCC_WARN_UNUSED_VARIABLE = YES;
				IPHONEOS_DEPLOYMENT_TARGET = 13.4;
				MTL_ENABLE_DEBUG_INFO = NO;
				MTL_FAST_MATH = YES;
				SDKROOT = iphoneos;
				SWIFT_COMPILATION_MODE = wholemodule;
				SWIFT_OPTIMIZATION_LEVEL = "-O";
				VALIDATE_PRODUCT = YES;
			};
			name = Release;
		};
		5B1A48D3249C3C3A00F0BFDF /* Debug */ = {
			isa = XCBuildConfiguration;
			baseConfigurationReference = 7EB9474B08233DB18A6F272E /* Pods-Pod.debug.xcconfig */;
			buildSettings = {
				ASSETCATALOG_COMPILER_APPICON_NAME = AppIcon;
				CODE_SIGN_ENTITLEMENTS = Pod/Pod.entitlements;
				CODE_SIGN_STYLE = Automatic;
				DEVELOPMENT_TEAM = VP4B82579F;
				INFOPLIST_FILE = "$(SRCROOT)/Pod/Resource/Info.plist";
				IPHONEOS_DEPLOYMENT_TARGET = 12.4;
				LD_RUNPATH_SEARCH_PATHS = (
					"$(inherited)",
					"@executable_path/Frameworks",
				);
				PRODUCT_BUNDLE_IDENTIFIER = kr.co.pod.Pod;
				PRODUCT_NAME = "$(TARGET_NAME)";
				SWIFT_VERSION = 5.0;
				TARGETED_DEVICE_FAMILY = "1,2";
			};
			name = Debug;
		};
		5B1A48D4249C3C3A00F0BFDF /* Release */ = {
			isa = XCBuildConfiguration;
			baseConfigurationReference = B72958B7C6025FF483E17A11 /* Pods-Pod.release.xcconfig */;
			buildSettings = {
				ASSETCATALOG_COMPILER_APPICON_NAME = AppIcon;
				CODE_SIGN_ENTITLEMENTS = Pod/Pod.entitlements;
				CODE_SIGN_STYLE = Automatic;
				DEVELOPMENT_TEAM = VP4B82579F;
				INFOPLIST_FILE = "$(SRCROOT)/Pod/Resource/Info.plist";
				IPHONEOS_DEPLOYMENT_TARGET = 12.4;
				LD_RUNPATH_SEARCH_PATHS = (
					"$(inherited)",
					"@executable_path/Frameworks",
				);
				PRODUCT_BUNDLE_IDENTIFIER = kr.co.pod.Pod;
				PRODUCT_NAME = "$(TARGET_NAME)";
				SWIFT_VERSION = 5.0;
				TARGETED_DEVICE_FAMILY = "1,2";
			};
			name = Release;
		};
		5B1A48D6249C3C3A00F0BFDF /* Debug */ = {
			isa = XCBuildConfiguration;
			baseConfigurationReference = 43A386CE3571DB90427DD529 /* Pods-PodTests.debug.xcconfig */;
			buildSettings = {
				ALWAYS_EMBED_SWIFT_STANDARD_LIBRARIES = YES;
				BUNDLE_LOADER = "$(TEST_HOST)";
				CODE_SIGN_STYLE = Automatic;
				DEVELOPMENT_TEAM = PQFD9V79PC;
				INFOPLIST_FILE = PodTests/Info.plist;
				IPHONEOS_DEPLOYMENT_TARGET = 13.4;
				LD_RUNPATH_SEARCH_PATHS = (
					"$(inherited)",
					"@executable_path/Frameworks",
					"@loader_path/Frameworks",
				);
				PRODUCT_BUNDLE_IDENTIFIER = kr.co.pod.PodTests;
				PRODUCT_NAME = "$(TARGET_NAME)";
				SWIFT_VERSION = 5.0;
				TARGETED_DEVICE_FAMILY = "1,2";
				TEST_HOST = "$(BUILT_PRODUCTS_DIR)/Pod.app/Pod";
			};
			name = Debug;
		};
		5B1A48D7249C3C3A00F0BFDF /* Release */ = {
			isa = XCBuildConfiguration;
			baseConfigurationReference = E65DA877FBF4473B8DBB4E3B /* Pods-PodTests.release.xcconfig */;
			buildSettings = {
				ALWAYS_EMBED_SWIFT_STANDARD_LIBRARIES = YES;
				BUNDLE_LOADER = "$(TEST_HOST)";
				CODE_SIGN_STYLE = Automatic;
				DEVELOPMENT_TEAM = PQFD9V79PC;
				INFOPLIST_FILE = PodTests/Info.plist;
				IPHONEOS_DEPLOYMENT_TARGET = 13.4;
				LD_RUNPATH_SEARCH_PATHS = (
					"$(inherited)",
					"@executable_path/Frameworks",
					"@loader_path/Frameworks",
				);
				PRODUCT_BUNDLE_IDENTIFIER = kr.co.pod.PodTests;
				PRODUCT_NAME = "$(TARGET_NAME)";
				SWIFT_VERSION = 5.0;
				TARGETED_DEVICE_FAMILY = "1,2";
				TEST_HOST = "$(BUILT_PRODUCTS_DIR)/Pod.app/Pod";
			};
			name = Release;
		};
		5B1A48D9249C3C3A00F0BFDF /* Debug */ = {
			isa = XCBuildConfiguration;
			baseConfigurationReference = B828B592FBF2DB50DE76EFA6 /* Pods-Pod-PodUITests.debug.xcconfig */;
			buildSettings = {
				ALWAYS_EMBED_SWIFT_STANDARD_LIBRARIES = YES;
				CODE_SIGN_STYLE = Automatic;
				DEVELOPMENT_TEAM = PQFD9V79PC;
				INFOPLIST_FILE = PodUITests/Info.plist;
				LD_RUNPATH_SEARCH_PATHS = (
					"$(inherited)",
					"@executable_path/Frameworks",
					"@loader_path/Frameworks",
				);
				PRODUCT_BUNDLE_IDENTIFIER = kr.co.pod.PodUITests;
				PRODUCT_NAME = "$(TARGET_NAME)";
				SWIFT_VERSION = 5.0;
				TARGETED_DEVICE_FAMILY = "1,2";
				TEST_TARGET_NAME = Pod;
			};
			name = Debug;
		};
		5B1A48DA249C3C3A00F0BFDF /* Release */ = {
			isa = XCBuildConfiguration;
			baseConfigurationReference = A014B854F65D3CAEC75E3E07 /* Pods-Pod-PodUITests.release.xcconfig */;
			buildSettings = {
				ALWAYS_EMBED_SWIFT_STANDARD_LIBRARIES = YES;
				CODE_SIGN_STYLE = Automatic;
				DEVELOPMENT_TEAM = PQFD9V79PC;
				INFOPLIST_FILE = PodUITests/Info.plist;
				LD_RUNPATH_SEARCH_PATHS = (
					"$(inherited)",
					"@executable_path/Frameworks",
					"@loader_path/Frameworks",
				);
				PRODUCT_BUNDLE_IDENTIFIER = kr.co.pod.PodUITests;
				PRODUCT_NAME = "$(TARGET_NAME)";
				SWIFT_VERSION = 5.0;
				TARGETED_DEVICE_FAMILY = "1,2";
				TEST_TARGET_NAME = Pod;
			};
			name = Release;
		};
/* End XCBuildConfiguration section */

/* Begin XCConfigurationList section */
		5B1A48A3249C3C3800F0BFDF /* Build configuration list for PBXProject "Pod" */ = {
			isa = XCConfigurationList;
			buildConfigurations = (
				5B1A48D0249C3C3A00F0BFDF /* Debug */,
				5B1A48D1249C3C3A00F0BFDF /* Release */,
			);
			defaultConfigurationIsVisible = 0;
			defaultConfigurationName = Release;
		};
		5B1A48D2249C3C3A00F0BFDF /* Build configuration list for PBXNativeTarget "Pod" */ = {
			isa = XCConfigurationList;
			buildConfigurations = (
				5B1A48D3249C3C3A00F0BFDF /* Debug */,
				5B1A48D4249C3C3A00F0BFDF /* Release */,
			);
			defaultConfigurationIsVisible = 0;
			defaultConfigurationName = Release;
		};
		5B1A48D5249C3C3A00F0BFDF /* Build configuration list for PBXNativeTarget "PodTests" */ = {
			isa = XCConfigurationList;
			buildConfigurations = (
				5B1A48D6249C3C3A00F0BFDF /* Debug */,
				5B1A48D7249C3C3A00F0BFDF /* Release */,
			);
			defaultConfigurationIsVisible = 0;
			defaultConfigurationName = Release;
		};
		5B1A48D8249C3C3A00F0BFDF /* Build configuration list for PBXNativeTarget "PodUITests" */ = {
			isa = XCConfigurationList;
			buildConfigurations = (
				5B1A48D9249C3C3A00F0BFDF /* Debug */,
				5B1A48DA249C3C3A00F0BFDF /* Release */,
			);
			defaultConfigurationIsVisible = 0;
			defaultConfigurationName = Release;
		};
/* End XCConfigurationList section */
	};
	rootObject = 5B1A48A0249C3C3800F0BFDF /* Project object */;
}
